
Microsoft Visual Studio Solution File, Format Version 12.00
# Visual Studio 2013
VisualStudioVersion = 12.0.31101.0
MinimumVisualStudioVersion = 10.0.40219.1
Project("{FAE04EC0-301F-11D3-BF4B-00C04F79EFBC}") = "LightBDD", "LightBDD\LightBDD.csproj", "{C8406FF5-FF97-4B66-A789-CBD97263FAC4}"
EndProject
Project("{FAE04EC0-301F-11D3-BF4B-00C04F79EFBC}") = "LightBDD.Example", "LightBDD.Example\LightBDD.Example.csproj", "{994D78CA-0CB3-4DE2-95E1-60BA11EB1E78}"
EndProject
Project("{FAE04EC0-301F-11D3-BF4B-00C04F79EFBC}") = "LightBDD.UnitTests", "LightBDD.UnitTests\LightBDD.UnitTests.csproj", "{1DA8DA63-2CED-4A91-85F1-CC913190050F}"
EndProject
Project("{2150E333-8FDC-42A3-9474-1A3956D46DE8}") = ".nuget", ".nuget", "{46559B74-207F-439F-9851-542D7F6F766D}"
	ProjectSection(SolutionItems) = preProject
		.nuget\NuGet.Config = .nuget\NuGet.Config
		.nuget\NuGet.exe = .nuget\NuGet.exe
		.nuget\NuGet.targets = .nuget\NuGet.targets
	EndProjectSection
EndProject
Project("{2150E333-8FDC-42A3-9474-1A3956D46DE8}") = "Solution Items", "Solution Items", "{B3AFFD69-36B4-43D6-A6AA-72914D15055C}"
	ProjectSection(SolutionItems) = preProject
		AssemblyVersion.cs = AssemblyVersion.cs
		Changelog.txt = Changelog.txt
		LICENSE.txt = LICENSE.txt
		QuickStart.txt = QuickStart.txt
		README.md = README.md
		XmlResultFormatterSchema.xsd = XmlResultFormatterSchema.xsd
	EndProjectSection
EndProject
Project("{FAE04EC0-301F-11D3-BF4B-00C04F79EFBC}") = "LightBDD.NUnit", "LightBDD.NUnit\LightBDD.NUnit.csproj", "{B97EF26C-EF54-4A85-9C0E-1F65283712D7}"
EndProject
Project("{FAE04EC0-301F-11D3-BF4B-00C04F79EFBC}") = "LightBDD.MbUnit", "LightBDD.MbUnit\LightBDD.MbUnit.csproj", "{437A2166-4A07-4F85-AA15-8A0518007093}"
EndProject
Project("{FAE04EC0-301F-11D3-BF4B-00C04F79EFBC}") = "LightBDD.NUnit.UnitTests", "LightBDD.NUnit.UnitTests\LightBDD.NUnit.UnitTests.csproj", "{F5F0EA17-7722-44E5-8977-6A8D58381C17}"
EndProject
Project("{FAE04EC0-301F-11D3-BF4B-00C04F79EFBC}") = "LightBDD.MbUnit.UnitTests", "LightBDD.MbUnit.UnitTests\LightBDD.MbUnit.UnitTests.csproj", "{149B2AE3-6B7F-4F05-8344-E763490DA848}"
EndProject
Project("{2150E333-8FDC-42A3-9474-1A3956D46DE8}") = "Tests", "Tests", "{DD1450B8-8CA1-4819-A2F6-92DF98DEA0A5}"
EndProject
Project("{2150E333-8FDC-42A3-9474-1A3956D46DE8}") = "Examples", "Examples", "{8028A964-3C61-4531-8F62-721DC29B7102}"
EndProject
Project("{FAE04EC0-301F-11D3-BF4B-00C04F79EFBC}") = "LightBDD.MsTest", "LightBDD.MsTest\LightBDD.MsTest.csproj", "{14094347-12CB-49E4-B81E-4AC3370A96F5}"
EndProject
Project("{FAE04EC0-301F-11D3-BF4B-00C04F79EFBC}") = "LightBDD.MsTest.UnitTests", "LightBDD.MsTest.UnitTests\LightBDD.MsTest.UnitTests.csproj", "{9241CBCD-71B1-409F-AC9F-8D5FB2D4A721}"
EndProject
Project("{FAE04EC0-301F-11D3-BF4B-00C04F79EFBC}") = "LightBDD.Example.AcceptanceTests.NUnit", "LightBDD.Example.AcceptanceTests.NUnit\LightBDD.Example.AcceptanceTests.NUnit.csproj", "{3D15B7F7-8987-4D3E-9AFC-22FE361E2D32}"
EndProject
Project("{FAE04EC0-301F-11D3-BF4B-00C04F79EFBC}") = "LightBDD.Example.AcceptanceTests.MbUnit", "LightBDD.Example.AcceptanceTests.MbUnit\LightBDD.Example.AcceptanceTests.MbUnit.csproj", "{1EB4A374-A0D9-4975-9D5F-10BBA9FC3DE3}"
EndProject
Project("{FAE04EC0-301F-11D3-BF4B-00C04F79EFBC}") = "LightBDD.Example.AcceptanceTests.MsTest", "LightBDD.Example.AcceptanceTests.MsTest\LightBDD.Example.AcceptanceTests.MsTest.csproj", "{068B1D33-8E36-4E4E-9E0C-2660594E6727}"
EndProject
Project("{FAE04EC0-301F-11D3-BF4B-00C04F79EFBC}") = "LightBDD.AcceptanceTests", "LightBDD.AcceptanceTests\LightBDD.AcceptanceTests.csproj", "{1FCADB0C-9632-4F17-BCB6-7068347B404A}"
EndProject
Global
	GlobalSection(SolutionConfigurationPlatforms) = preSolution
		Debug|Any CPU = Debug|Any CPU
		Release|Any CPU = Release|Any CPU
	EndGlobalSection
	GlobalSection(ProjectConfigurationPlatforms) = postSolution
		{C8406FF5-FF97-4B66-A789-CBD97263FAC4}.Debug|Any CPU.ActiveCfg = Debug|Any CPU
		{C8406FF5-FF97-4B66-A789-CBD97263FAC4}.Debug|Any CPU.Build.0 = Debug|Any CPU
		{C8406FF5-FF97-4B66-A789-CBD97263FAC4}.Release|Any CPU.ActiveCfg = Release|Any CPU
		{C8406FF5-FF97-4B66-A789-CBD97263FAC4}.Release|Any CPU.Build.0 = Release|Any CPU
		{994D78CA-0CB3-4DE2-95E1-60BA11EB1E78}.Debug|Any CPU.ActiveCfg = Debug|Any CPU
		{994D78CA-0CB3-4DE2-95E1-60BA11EB1E78}.Debug|Any CPU.Build.0 = Debug|Any CPU
		{994D78CA-0CB3-4DE2-95E1-60BA11EB1E78}.Release|Any CPU.ActiveCfg = Release|Any CPU
		{994D78CA-0CB3-4DE2-95E1-60BA11EB1E78}.Release|Any CPU.Build.0 = Release|Any CPU
		{1DA8DA63-2CED-4A91-85F1-CC913190050F}.Debug|Any CPU.ActiveCfg = Debug|Any CPU
		{1DA8DA63-2CED-4A91-85F1-CC913190050F}.Debug|Any CPU.Build.0 = Debug|Any CPU
		{1DA8DA63-2CED-4A91-85F1-CC913190050F}.Release|Any CPU.ActiveCfg = Release|Any CPU
		{1DA8DA63-2CED-4A91-85F1-CC913190050F}.Release|Any CPU.Build.0 = Release|Any CPU
		{B97EF26C-EF54-4A85-9C0E-1F65283712D7}.Debug|Any CPU.ActiveCfg = Debug|Any CPU
		{B97EF26C-EF54-4A85-9C0E-1F65283712D7}.Debug|Any CPU.Build.0 = Debug|Any CPU
		{B97EF26C-EF54-4A85-9C0E-1F65283712D7}.Release|Any CPU.ActiveCfg = Release|Any CPU
		{B97EF26C-EF54-4A85-9C0E-1F65283712D7}.Release|Any CPU.Build.0 = Release|Any CPU
		{437A2166-4A07-4F85-AA15-8A0518007093}.Debug|Any CPU.ActiveCfg = Debug|Any CPU
		{437A2166-4A07-4F85-AA15-8A0518007093}.Debug|Any CPU.Build.0 = Debug|Any CPU
		{437A2166-4A07-4F85-AA15-8A0518007093}.Release|Any CPU.ActiveCfg = Release|Any CPU
		{437A2166-4A07-4F85-AA15-8A0518007093}.Release|Any CPU.Build.0 = Release|Any CPU
		{F5F0EA17-7722-44E5-8977-6A8D58381C17}.Debug|Any CPU.ActiveCfg = Debug|Any CPU
		{F5F0EA17-7722-44E5-8977-6A8D58381C17}.Debug|Any CPU.Build.0 = Debug|Any CPU
		{F5F0EA17-7722-44E5-8977-6A8D58381C17}.Release|Any CPU.ActiveCfg = Release|Any CPU
		{F5F0EA17-7722-44E5-8977-6A8D58381C17}.Release|Any CPU.Build.0 = Release|Any CPU
		{149B2AE3-6B7F-4F05-8344-E763490DA848}.Debug|Any CPU.ActiveCfg = Debug|Any CPU
		{149B2AE3-6B7F-4F05-8344-E763490DA848}.Debug|Any CPU.Build.0 = Debug|Any CPU
		{149B2AE3-6B7F-4F05-8344-E763490DA848}.Release|Any CPU.ActiveCfg = Release|Any CPU
		{149B2AE3-6B7F-4F05-8344-E763490DA848}.Release|Any CPU.Build.0 = Release|Any CPU
		{14094347-12CB-49E4-B81E-4AC3370A96F5}.Debug|Any CPU.ActiveCfg = Debug|Any CPU
		{14094347-12CB-49E4-B81E-4AC3370A96F5}.Debug|Any CPU.Build.0 = Debug|Any CPU
		{14094347-12CB-49E4-B81E-4AC3370A96F5}.Release|Any CPU.ActiveCfg = Release|Any CPU
		{14094347-12CB-49E4-B81E-4AC3370A96F5}.Release|Any CPU.Build.0 = Release|Any CPU
		{9241CBCD-71B1-409F-AC9F-8D5FB2D4A721}.Debug|Any CPU.ActiveCfg = Debug|Any CPU
		{9241CBCD-71B1-409F-AC9F-8D5FB2D4A721}.Debug|Any CPU.Build.0 = Debug|Any CPU
		{9241CBCD-71B1-409F-AC9F-8D5FB2D4A721}.Release|Any CPU.ActiveCfg = Release|Any CPU
		{9241CBCD-71B1-409F-AC9F-8D5FB2D4A721}.Release|Any CPU.Build.0 = Release|Any CPU
		{3D15B7F7-8987-4D3E-9AFC-22FE361E2D32}.Debug|Any CPU.ActiveCfg = Debug|Any CPU
		{3D15B7F7-8987-4D3E-9AFC-22FE361E2D32}.Debug|Any CPU.Build.0 = Debug|Any CPU
		{3D15B7F7-8987-4D3E-9AFC-22FE361E2D32}.Release|Any CPU.ActiveCfg = Release|Any CPU
		{3D15B7F7-8987-4D3E-9AFC-22FE361E2D32}.Release|Any CPU.Build.0 = Release|Any CPU
		{1EB4A374-A0D9-4975-9D5F-10BBA9FC3DE3}.Debug|Any CPU.ActiveCfg = Debug|Any CPU
		{1EB4A374-A0D9-4975-9D5F-10BBA9FC3DE3}.Debug|Any CPU.Build.0 = Debug|Any CPU
		{1EB4A374-A0D9-4975-9D5F-10BBA9FC3DE3}.Release|Any CPU.ActiveCfg = Release|Any CPU
		{1EB4A374-A0D9-4975-9D5F-10BBA9FC3DE3}.Release|Any CPU.Build.0 = Release|Any CPU
		{068B1D33-8E36-4E4E-9E0C-2660594E6727}.Debug|Any CPU.ActiveCfg = Debug|Any CPU
		{068B1D33-8E36-4E4E-9E0C-2660594E6727}.Debug|Any CPU.Build.0 = Debug|Any CPU
		{068B1D33-8E36-4E4E-9E0C-2660594E6727}.Release|Any CPU.ActiveCfg = Release|Any CPU
		{068B1D33-8E36-4E4E-9E0C-2660594E6727}.Release|Any CPU.Build.0 = Release|Any CPU
		{1FCADB0C-9632-4F17-BCB6-7068347B404A}.Debug|Any CPU.ActiveCfg = Debug|Any CPU
		{1FCADB0C-9632-4F17-BCB6-7068347B404A}.Debug|Any CPU.Build.0 = Debug|Any CPU
		{1FCADB0C-9632-4F17-BCB6-7068347B404A}.Release|Any CPU.ActiveCfg = Release|Any CPU
		{1FCADB0C-9632-4F17-BCB6-7068347B404A}.Release|Any CPU.Build.0 = Release|Any CPU
	EndGlobalSection
	GlobalSection(SolutionProperties) = preSolution
		HideSolutionNode = FALSE
	EndGlobalSection
	GlobalSection(NestedProjects) = preSolution
		{994D78CA-0CB3-4DE2-95E1-60BA11EB1E78} = {8028A964-3C61-4531-8F62-721DC29B7102}
		{1DA8DA63-2CED-4A91-85F1-CC913190050F} = {DD1450B8-8CA1-4819-A2F6-92DF98DEA0A5}
		{F5F0EA17-7722-44E5-8977-6A8D58381C17} = {DD1450B8-8CA1-4819-A2F6-92DF98DEA0A5}
		{149B2AE3-6B7F-4F05-8344-E763490DA848} = {DD1450B8-8CA1-4819-A2F6-92DF98DEA0A5}
		{9241CBCD-71B1-409F-AC9F-8D5FB2D4A721} = {DD1450B8-8CA1-4819-A2F6-92DF98DEA0A5}
		{3D15B7F7-8987-4D3E-9AFC-22FE361E2D32} = {8028A964-3C61-4531-8F62-721DC29B7102}
		{1EB4A374-A0D9-4975-9D5F-10BBA9FC3DE3} = {8028A964-3C61-4531-8F62-721DC29B7102}
		{068B1D33-8E36-4E4E-9E0C-2660594E6727} = {8028A964-3C61-4531-8F62-721DC29B7102}
		{1FCADB0C-9632-4F17-BCB6-7068347B404A} = {DD1450B8-8CA1-4819-A2F6-92DF98DEA0A5}
	EndGlobalSection
EndGlobal
