
Microsoft Visual Studio Solution File, Format Version 12.00
# Visual Studio Version 17
VisualStudioVersion = 17.6.33815.320
MinimumVisualStudioVersion = 10.0.40219.1
Project("{2150E333-8FDC-42A3-9474-1A3956D46DE8}") = "Solution Items", "Solution Items", "{B3AFFD69-36B4-43D6-A6AA-72914D15055C}"
	ProjectSection(SolutionItems) = preProject
		Changelog.txt = Changelog.txt
		LICENSE.txt = LICENSE.txt
		QuickStart.txt = QuickStart.txt
		README.md = README.md
		schemas\XmlReportFormatterSchema.xsd = schemas\XmlReportFormatterSchema.xsd
	EndProjectSection
EndProject
Project("{2150E333-8FDC-42A3-9474-1A3956D46DE8}") = "Tests", "Tests", "{A7491D1D-7E5B-4021-8105-4098683807EB}"
	ProjectSection(SolutionItems) = preProject
		test\Common.Tests.props = test\Common.Tests.props
	EndProjectSection
EndProject
Project("{9A19103F-16F7-4668-BE54-9A1E7A4F7556}") = "LightBDD.Core", "src\LightBDD.Core\LightBDD.Core.csproj", "{1404165C-13B2-43E2-A78D-6B271EB62FC8}"
EndProject
Project("{9A19103F-16F7-4668-BE54-9A1E7A4F7556}") = "LightBDD.Core.UnitTests", "test\LightBDD.Core.UnitTests\LightBDD.Core.UnitTests.csproj", "{08063D55-3F5E-4CA0-978E-00C6699A3011}"
EndProject
Project("{9A19103F-16F7-4668-BE54-9A1E7A4F7556}") = "LightBDD.UnitTests.Helpers", "test\LightBDD.UnitTests.Helpers\LightBDD.UnitTests.Helpers.csproj", "{43976AB8-60F1-4E2B-855C-0425AC0D053A}"
EndProject
Project("{9A19103F-16F7-4668-BE54-9A1E7A4F7556}") = "LightBDD.AcceptanceTests", "test\LightBDD.AcceptanceTests\LightBDD.AcceptanceTests.csproj", "{17CF2456-692D-4D8D-996B-59BD067E9175}"
EndProject
Project("{9A19103F-16F7-4668-BE54-9A1E7A4F7556}") = "LightBDD.Framework", "src\LightBDD.Framework\LightBDD.Framework.csproj", "{76150B64-C200-4893-8375-479E377389CC}"
EndProject
Project("{9A19103F-16F7-4668-BE54-9A1E7A4F7556}") = "LightBDD.Framework.UnitTests", "test\LightBDD.Framework.UnitTests\LightBDD.Framework.UnitTests.csproj", "{89A86E84-BC70-4F54-8022-1FFCAF1D908D}"
EndProject
Project("{9A19103F-16F7-4668-BE54-9A1E7A4F7556}") = "LightBDD.Framework.Reporting.UnitTests", "test\LightBDD.Framework.Reporting.UnitTests\LightBDD.Framework.Reporting.UnitTests.csproj", "{BBD59A28-DF7C-455A-BEDD-7EAE6D9CDC6D}"
EndProject
Project("{9A19103F-16F7-4668-BE54-9A1E7A4F7556}") = "LightBDD.Autofac", "src\LightBDD.Autofac\LightBDD.Autofac.csproj", "{BA30A12E-C25B-47DF-9761-C3D752C59D3A}"
EndProject
Project("{9A19103F-16F7-4668-BE54-9A1E7A4F7556}") = "LightBDD.Autofac.UnitTests", "test\LightBDD.Autofac.UnitTests\LightBDD.Autofac.UnitTests.csproj", "{F130AD38-3852-43B1-840E-689E57D38790}"
EndProject
Project("{9A19103F-16F7-4668-BE54-9A1E7A4F7556}") = "LightBDD.Extensions.DependencyInjection", "src\LightBDD.Extensions.DependencyInjection\LightBDD.Extensions.DependencyInjection.csproj", "{9BA3AECB-F606-4250-A1C3-D50E5AB53154}"
EndProject
Project("{9A19103F-16F7-4668-BE54-9A1E7A4F7556}") = "LightBDD.Extensions.DependencyInjection.UnitTests", "test\LightBDD.Extensions.DependencyInjection.UnitTests\LightBDD.Extensions.DependencyInjection.UnitTests.csproj", "{C1B0A7BC-AF9F-4039-8540-231ECDD30AAF}"
EndProject
Project("{2150E333-8FDC-42A3-9474-1A3956D46DE8}") = "DI", "DI", "{82B10F43-3A68-401C-99AB-515D409F6CD3}"
EndProject
Project("{2150E333-8FDC-42A3-9474-1A3956D46DE8}") = "Src", "Src", "{795CD637-D3F6-44AB-A408-AA89B7C18356}"
	ProjectSection(SolutionItems) = preProject
		src\Common.props = src\Common.props
	EndProjectSection
EndProject
Project("{9A19103F-16F7-4668-BE54-9A1E7A4F7556}") = "LightBDD.Runner", "src\LightBDD.Runner\LightBDD.Runner.csproj", "{C8D9EA79-91EF-4A96-AA75-F0D3E9B57328}"
EndProject
Project("{9A19103F-16F7-4668-BE54-9A1E7A4F7556}") = "LightBDD.ScenarioHelpers", "test\LightBDD.ScenarioHelpers\LightBDD.ScenarioHelpers.csproj", "{BBB29582-A5B9-4026-809B-E248722EE973}"
EndProject
Project("{9A19103F-16F7-4668-BE54-9A1E7A4F7556}") = "LightBDD.Runner.IntegrationTests", "test\LightBDD.Runner.IntegrationTests\LightBDD.Runner.IntegrationTests.csproj", "{97FD881B-DE5B-4929-8E5C-DAA9FBDADADE}"
EndProject
Global
	GlobalSection(SolutionConfigurationPlatforms) = preSolution
		Debug|Any CPU = Debug|Any CPU
		Debug|ARM = Debug|ARM
		Debug|x64 = Debug|x64
		Debug|x86 = Debug|x86
		Release|Any CPU = Release|Any CPU
		Release|ARM = Release|ARM
		Release|x64 = Release|x64
		Release|x86 = Release|x86
	EndGlobalSection
	GlobalSection(ProjectConfigurationPlatforms) = postSolution
		{1404165C-13B2-43E2-A78D-6B271EB62FC8}.Debug|Any CPU.ActiveCfg = Debug|Any CPU
		{1404165C-13B2-43E2-A78D-6B271EB62FC8}.Debug|Any CPU.Build.0 = Debug|Any CPU
		{1404165C-13B2-43E2-A78D-6B271EB62FC8}.Debug|ARM.ActiveCfg = Debug|Any CPU
		{1404165C-13B2-43E2-A78D-6B271EB62FC8}.Debug|ARM.Build.0 = Debug|Any CPU
		{1404165C-13B2-43E2-A78D-6B271EB62FC8}.Debug|x64.ActiveCfg = Debug|Any CPU
		{1404165C-13B2-43E2-A78D-6B271EB62FC8}.Debug|x64.Build.0 = Debug|Any CPU
		{1404165C-13B2-43E2-A78D-6B271EB62FC8}.Debug|x86.ActiveCfg = Debug|Any CPU
		{1404165C-13B2-43E2-A78D-6B271EB62FC8}.Debug|x86.Build.0 = Debug|Any CPU
		{1404165C-13B2-43E2-A78D-6B271EB62FC8}.Release|Any CPU.ActiveCfg = Release|Any CPU
		{1404165C-13B2-43E2-A78D-6B271EB62FC8}.Release|Any CPU.Build.0 = Release|Any CPU
		{1404165C-13B2-43E2-A78D-6B271EB62FC8}.Release|ARM.ActiveCfg = Release|Any CPU
		{1404165C-13B2-43E2-A78D-6B271EB62FC8}.Release|ARM.Build.0 = Release|Any CPU
		{1404165C-13B2-43E2-A78D-6B271EB62FC8}.Release|x64.ActiveCfg = Release|Any CPU
		{1404165C-13B2-43E2-A78D-6B271EB62FC8}.Release|x64.Build.0 = Release|Any CPU
		{1404165C-13B2-43E2-A78D-6B271EB62FC8}.Release|x86.ActiveCfg = Release|Any CPU
		{1404165C-13B2-43E2-A78D-6B271EB62FC8}.Release|x86.Build.0 = Release|Any CPU
		{08063D55-3F5E-4CA0-978E-00C6699A3011}.Debug|Any CPU.ActiveCfg = Debug|Any CPU
		{08063D55-3F5E-4CA0-978E-00C6699A3011}.Debug|Any CPU.Build.0 = Debug|Any CPU
		{08063D55-3F5E-4CA0-978E-00C6699A3011}.Debug|ARM.ActiveCfg = Debug|Any CPU
		{08063D55-3F5E-4CA0-978E-00C6699A3011}.Debug|ARM.Build.0 = Debug|Any CPU
		{08063D55-3F5E-4CA0-978E-00C6699A3011}.Debug|x64.ActiveCfg = Debug|Any CPU
		{08063D55-3F5E-4CA0-978E-00C6699A3011}.Debug|x64.Build.0 = Debug|Any CPU
		{08063D55-3F5E-4CA0-978E-00C6699A3011}.Debug|x86.ActiveCfg = Debug|Any CPU
		{08063D55-3F5E-4CA0-978E-00C6699A3011}.Debug|x86.Build.0 = Debug|Any CPU
		{08063D55-3F5E-4CA0-978E-00C6699A3011}.Release|Any CPU.ActiveCfg = Release|Any CPU
		{08063D55-3F5E-4CA0-978E-00C6699A3011}.Release|Any CPU.Build.0 = Release|Any CPU
		{08063D55-3F5E-4CA0-978E-00C6699A3011}.Release|ARM.ActiveCfg = Release|Any CPU
		{08063D55-3F5E-4CA0-978E-00C6699A3011}.Release|ARM.Build.0 = Release|Any CPU
		{08063D55-3F5E-4CA0-978E-00C6699A3011}.Release|x64.ActiveCfg = Release|Any CPU
		{08063D55-3F5E-4CA0-978E-00C6699A3011}.Release|x64.Build.0 = Release|Any CPU
		{08063D55-3F5E-4CA0-978E-00C6699A3011}.Release|x86.ActiveCfg = Release|Any CPU
		{08063D55-3F5E-4CA0-978E-00C6699A3011}.Release|x86.Build.0 = Release|Any CPU
		{43976AB8-60F1-4E2B-855C-0425AC0D053A}.Debug|Any CPU.ActiveCfg = Debug|Any CPU
		{43976AB8-60F1-4E2B-855C-0425AC0D053A}.Debug|Any CPU.Build.0 = Debug|Any CPU
		{43976AB8-60F1-4E2B-855C-0425AC0D053A}.Debug|ARM.ActiveCfg = Debug|Any CPU
		{43976AB8-60F1-4E2B-855C-0425AC0D053A}.Debug|ARM.Build.0 = Debug|Any CPU
		{43976AB8-60F1-4E2B-855C-0425AC0D053A}.Debug|x64.ActiveCfg = Debug|Any CPU
		{43976AB8-60F1-4E2B-855C-0425AC0D053A}.Debug|x64.Build.0 = Debug|Any CPU
		{43976AB8-60F1-4E2B-855C-0425AC0D053A}.Debug|x86.ActiveCfg = Debug|Any CPU
		{43976AB8-60F1-4E2B-855C-0425AC0D053A}.Debug|x86.Build.0 = Debug|Any CPU
		{43976AB8-60F1-4E2B-855C-0425AC0D053A}.Release|Any CPU.ActiveCfg = Release|Any CPU
		{43976AB8-60F1-4E2B-855C-0425AC0D053A}.Release|Any CPU.Build.0 = Release|Any CPU
		{43976AB8-60F1-4E2B-855C-0425AC0D053A}.Release|ARM.ActiveCfg = Release|Any CPU
		{43976AB8-60F1-4E2B-855C-0425AC0D053A}.Release|ARM.Build.0 = Release|Any CPU
		{43976AB8-60F1-4E2B-855C-0425AC0D053A}.Release|x64.ActiveCfg = Release|Any CPU
		{43976AB8-60F1-4E2B-855C-0425AC0D053A}.Release|x64.Build.0 = Release|Any CPU
		{43976AB8-60F1-4E2B-855C-0425AC0D053A}.Release|x86.ActiveCfg = Release|Any CPU
		{43976AB8-60F1-4E2B-855C-0425AC0D053A}.Release|x86.Build.0 = Release|Any CPU
		{17CF2456-692D-4D8D-996B-59BD067E9175}.Debug|Any CPU.ActiveCfg = Debug|Any CPU
		{17CF2456-692D-4D8D-996B-59BD067E9175}.Debug|Any CPU.Build.0 = Debug|Any CPU
		{17CF2456-692D-4D8D-996B-59BD067E9175}.Debug|ARM.ActiveCfg = Debug|Any CPU
		{17CF2456-692D-4D8D-996B-59BD067E9175}.Debug|ARM.Build.0 = Debug|Any CPU
		{17CF2456-692D-4D8D-996B-59BD067E9175}.Debug|x64.ActiveCfg = Debug|Any CPU
		{17CF2456-692D-4D8D-996B-59BD067E9175}.Debug|x64.Build.0 = Debug|Any CPU
		{17CF2456-692D-4D8D-996B-59BD067E9175}.Debug|x86.ActiveCfg = Debug|Any CPU
		{17CF2456-692D-4D8D-996B-59BD067E9175}.Debug|x86.Build.0 = Debug|Any CPU
		{17CF2456-692D-4D8D-996B-59BD067E9175}.Release|Any CPU.ActiveCfg = Release|Any CPU
		{17CF2456-692D-4D8D-996B-59BD067E9175}.Release|Any CPU.Build.0 = Release|Any CPU
		{17CF2456-692D-4D8D-996B-59BD067E9175}.Release|ARM.ActiveCfg = Release|Any CPU
		{17CF2456-692D-4D8D-996B-59BD067E9175}.Release|ARM.Build.0 = Release|Any CPU
		{17CF2456-692D-4D8D-996B-59BD067E9175}.Release|x64.ActiveCfg = Release|Any CPU
		{17CF2456-692D-4D8D-996B-59BD067E9175}.Release|x64.Build.0 = Release|Any CPU
		{17CF2456-692D-4D8D-996B-59BD067E9175}.Release|x86.ActiveCfg = Release|Any CPU
		{17CF2456-692D-4D8D-996B-59BD067E9175}.Release|x86.Build.0 = Release|Any CPU
		{76150B64-C200-4893-8375-479E377389CC}.Debug|Any CPU.ActiveCfg = Debug|Any CPU
		{76150B64-C200-4893-8375-479E377389CC}.Debug|Any CPU.Build.0 = Debug|Any CPU
		{76150B64-C200-4893-8375-479E377389CC}.Debug|ARM.ActiveCfg = Debug|Any CPU
		{76150B64-C200-4893-8375-479E377389CC}.Debug|ARM.Build.0 = Debug|Any CPU
		{76150B64-C200-4893-8375-479E377389CC}.Debug|x64.ActiveCfg = Debug|Any CPU
		{76150B64-C200-4893-8375-479E377389CC}.Debug|x64.Build.0 = Debug|Any CPU
		{76150B64-C200-4893-8375-479E377389CC}.Debug|x86.ActiveCfg = Debug|Any CPU
		{76150B64-C200-4893-8375-479E377389CC}.Debug|x86.Build.0 = Debug|Any CPU
		{76150B64-C200-4893-8375-479E377389CC}.Release|Any CPU.ActiveCfg = Release|Any CPU
		{76150B64-C200-4893-8375-479E377389CC}.Release|Any CPU.Build.0 = Release|Any CPU
		{76150B64-C200-4893-8375-479E377389CC}.Release|ARM.ActiveCfg = Release|Any CPU
		{76150B64-C200-4893-8375-479E377389CC}.Release|ARM.Build.0 = Release|Any CPU
		{76150B64-C200-4893-8375-479E377389CC}.Release|x64.ActiveCfg = Release|Any CPU
		{76150B64-C200-4893-8375-479E377389CC}.Release|x64.Build.0 = Release|Any CPU
		{76150B64-C200-4893-8375-479E377389CC}.Release|x86.ActiveCfg = Release|Any CPU
		{76150B64-C200-4893-8375-479E377389CC}.Release|x86.Build.0 = Release|Any CPU
		{89A86E84-BC70-4F54-8022-1FFCAF1D908D}.Debug|Any CPU.ActiveCfg = Debug|Any CPU
		{89A86E84-BC70-4F54-8022-1FFCAF1D908D}.Debug|Any CPU.Build.0 = Debug|Any CPU
		{89A86E84-BC70-4F54-8022-1FFCAF1D908D}.Debug|ARM.ActiveCfg = Debug|Any CPU
		{89A86E84-BC70-4F54-8022-1FFCAF1D908D}.Debug|ARM.Build.0 = Debug|Any CPU
		{89A86E84-BC70-4F54-8022-1FFCAF1D908D}.Debug|x64.ActiveCfg = Debug|Any CPU
		{89A86E84-BC70-4F54-8022-1FFCAF1D908D}.Debug|x64.Build.0 = Debug|Any CPU
		{89A86E84-BC70-4F54-8022-1FFCAF1D908D}.Debug|x86.ActiveCfg = Debug|Any CPU
		{89A86E84-BC70-4F54-8022-1FFCAF1D908D}.Debug|x86.Build.0 = Debug|Any CPU
		{89A86E84-BC70-4F54-8022-1FFCAF1D908D}.Release|Any CPU.ActiveCfg = Release|Any CPU
		{89A86E84-BC70-4F54-8022-1FFCAF1D908D}.Release|Any CPU.Build.0 = Release|Any CPU
		{89A86E84-BC70-4F54-8022-1FFCAF1D908D}.Release|ARM.ActiveCfg = Release|Any CPU
		{89A86E84-BC70-4F54-8022-1FFCAF1D908D}.Release|ARM.Build.0 = Release|Any CPU
		{89A86E84-BC70-4F54-8022-1FFCAF1D908D}.Release|x64.ActiveCfg = Release|Any CPU
		{89A86E84-BC70-4F54-8022-1FFCAF1D908D}.Release|x64.Build.0 = Release|Any CPU
		{89A86E84-BC70-4F54-8022-1FFCAF1D908D}.Release|x86.ActiveCfg = Release|Any CPU
		{89A86E84-BC70-4F54-8022-1FFCAF1D908D}.Release|x86.Build.0 = Release|Any CPU
		{BBD59A28-DF7C-455A-BEDD-7EAE6D9CDC6D}.Debug|Any CPU.ActiveCfg = Debug|Any CPU
		{BBD59A28-DF7C-455A-BEDD-7EAE6D9CDC6D}.Debug|Any CPU.Build.0 = Debug|Any CPU
		{BBD59A28-DF7C-455A-BEDD-7EAE6D9CDC6D}.Debug|ARM.ActiveCfg = Debug|Any CPU
		{BBD59A28-DF7C-455A-BEDD-7EAE6D9CDC6D}.Debug|ARM.Build.0 = Debug|Any CPU
		{BBD59A28-DF7C-455A-BEDD-7EAE6D9CDC6D}.Debug|x64.ActiveCfg = Debug|Any CPU
		{BBD59A28-DF7C-455A-BEDD-7EAE6D9CDC6D}.Debug|x64.Build.0 = Debug|Any CPU
		{BBD59A28-DF7C-455A-BEDD-7EAE6D9CDC6D}.Debug|x86.ActiveCfg = Debug|Any CPU
		{BBD59A28-DF7C-455A-BEDD-7EAE6D9CDC6D}.Debug|x86.Build.0 = Debug|Any CPU
		{BBD59A28-DF7C-455A-BEDD-7EAE6D9CDC6D}.Release|Any CPU.ActiveCfg = Release|Any CPU
		{BBD59A28-DF7C-455A-BEDD-7EAE6D9CDC6D}.Release|Any CPU.Build.0 = Release|Any CPU
		{BBD59A28-DF7C-455A-BEDD-7EAE6D9CDC6D}.Release|ARM.ActiveCfg = Release|Any CPU
		{BBD59A28-DF7C-455A-BEDD-7EAE6D9CDC6D}.Release|ARM.Build.0 = Release|Any CPU
		{BBD59A28-DF7C-455A-BEDD-7EAE6D9CDC6D}.Release|x64.ActiveCfg = Release|Any CPU
		{BBD59A28-DF7C-455A-BEDD-7EAE6D9CDC6D}.Release|x64.Build.0 = Release|Any CPU
		{BBD59A28-DF7C-455A-BEDD-7EAE6D9CDC6D}.Release|x86.ActiveCfg = Release|Any CPU
		{BBD59A28-DF7C-455A-BEDD-7EAE6D9CDC6D}.Release|x86.Build.0 = Release|Any CPU
		{BA30A12E-C25B-47DF-9761-C3D752C59D3A}.Debug|Any CPU.ActiveCfg = Debug|Any CPU
		{BA30A12E-C25B-47DF-9761-C3D752C59D3A}.Debug|Any CPU.Build.0 = Debug|Any CPU
		{BA30A12E-C25B-47DF-9761-C3D752C59D3A}.Debug|ARM.ActiveCfg = Debug|Any CPU
		{BA30A12E-C25B-47DF-9761-C3D752C59D3A}.Debug|ARM.Build.0 = Debug|Any CPU
		{BA30A12E-C25B-47DF-9761-C3D752C59D3A}.Debug|x64.ActiveCfg = Debug|Any CPU
		{BA30A12E-C25B-47DF-9761-C3D752C59D3A}.Debug|x64.Build.0 = Debug|Any CPU
		{BA30A12E-C25B-47DF-9761-C3D752C59D3A}.Debug|x86.ActiveCfg = Debug|Any CPU
		{BA30A12E-C25B-47DF-9761-C3D752C59D3A}.Debug|x86.Build.0 = Debug|Any CPU
		{BA30A12E-C25B-47DF-9761-C3D752C59D3A}.Release|Any CPU.ActiveCfg = Release|Any CPU
		{BA30A12E-C25B-47DF-9761-C3D752C59D3A}.Release|Any CPU.Build.0 = Release|Any CPU
		{BA30A12E-C25B-47DF-9761-C3D752C59D3A}.Release|ARM.ActiveCfg = Release|Any CPU
		{BA30A12E-C25B-47DF-9761-C3D752C59D3A}.Release|ARM.Build.0 = Release|Any CPU
		{BA30A12E-C25B-47DF-9761-C3D752C59D3A}.Release|x64.ActiveCfg = Release|Any CPU
		{BA30A12E-C25B-47DF-9761-C3D752C59D3A}.Release|x64.Build.0 = Release|Any CPU
		{BA30A12E-C25B-47DF-9761-C3D752C59D3A}.Release|x86.ActiveCfg = Release|Any CPU
		{BA30A12E-C25B-47DF-9761-C3D752C59D3A}.Release|x86.Build.0 = Release|Any CPU
		{F130AD38-3852-43B1-840E-689E57D38790}.Debug|Any CPU.ActiveCfg = Debug|Any CPU
		{F130AD38-3852-43B1-840E-689E57D38790}.Debug|Any CPU.Build.0 = Debug|Any CPU
		{F130AD38-3852-43B1-840E-689E57D38790}.Debug|ARM.ActiveCfg = Debug|Any CPU
		{F130AD38-3852-43B1-840E-689E57D38790}.Debug|ARM.Build.0 = Debug|Any CPU
		{F130AD38-3852-43B1-840E-689E57D38790}.Debug|x64.ActiveCfg = Debug|Any CPU
		{F130AD38-3852-43B1-840E-689E57D38790}.Debug|x64.Build.0 = Debug|Any CPU
		{F130AD38-3852-43B1-840E-689E57D38790}.Debug|x86.ActiveCfg = Debug|Any CPU
		{F130AD38-3852-43B1-840E-689E57D38790}.Debug|x86.Build.0 = Debug|Any CPU
		{F130AD38-3852-43B1-840E-689E57D38790}.Release|Any CPU.ActiveCfg = Release|Any CPU
		{F130AD38-3852-43B1-840E-689E57D38790}.Release|Any CPU.Build.0 = Release|Any CPU
		{F130AD38-3852-43B1-840E-689E57D38790}.Release|ARM.ActiveCfg = Release|Any CPU
		{F130AD38-3852-43B1-840E-689E57D38790}.Release|ARM.Build.0 = Release|Any CPU
		{F130AD38-3852-43B1-840E-689E57D38790}.Release|x64.ActiveCfg = Release|Any CPU
		{F130AD38-3852-43B1-840E-689E57D38790}.Release|x64.Build.0 = Release|Any CPU
		{F130AD38-3852-43B1-840E-689E57D38790}.Release|x86.ActiveCfg = Release|Any CPU
		{F130AD38-3852-43B1-840E-689E57D38790}.Release|x86.Build.0 = Release|Any CPU
		{9BA3AECB-F606-4250-A1C3-D50E5AB53154}.Debug|Any CPU.ActiveCfg = Debug|Any CPU
		{9BA3AECB-F606-4250-A1C3-D50E5AB53154}.Debug|Any CPU.Build.0 = Debug|Any CPU
		{9BA3AECB-F606-4250-A1C3-D50E5AB53154}.Debug|ARM.ActiveCfg = Debug|Any CPU
		{9BA3AECB-F606-4250-A1C3-D50E5AB53154}.Debug|ARM.Build.0 = Debug|Any CPU
		{9BA3AECB-F606-4250-A1C3-D50E5AB53154}.Debug|x64.ActiveCfg = Debug|Any CPU
		{9BA3AECB-F606-4250-A1C3-D50E5AB53154}.Debug|x64.Build.0 = Debug|Any CPU
		{9BA3AECB-F606-4250-A1C3-D50E5AB53154}.Debug|x86.ActiveCfg = Debug|Any CPU
		{9BA3AECB-F606-4250-A1C3-D50E5AB53154}.Debug|x86.Build.0 = Debug|Any CPU
		{9BA3AECB-F606-4250-A1C3-D50E5AB53154}.Release|Any CPU.ActiveCfg = Release|Any CPU
		{9BA3AECB-F606-4250-A1C3-D50E5AB53154}.Release|Any CPU.Build.0 = Release|Any CPU
		{9BA3AECB-F606-4250-A1C3-D50E5AB53154}.Release|ARM.ActiveCfg = Release|Any CPU
		{9BA3AECB-F606-4250-A1C3-D50E5AB53154}.Release|ARM.Build.0 = Release|Any CPU
		{9BA3AECB-F606-4250-A1C3-D50E5AB53154}.Release|x64.ActiveCfg = Release|Any CPU
		{9BA3AECB-F606-4250-A1C3-D50E5AB53154}.Release|x64.Build.0 = Release|Any CPU
		{9BA3AECB-F606-4250-A1C3-D50E5AB53154}.Release|x86.ActiveCfg = Release|Any CPU
		{9BA3AECB-F606-4250-A1C3-D50E5AB53154}.Release|x86.Build.0 = Release|Any CPU
		{C1B0A7BC-AF9F-4039-8540-231ECDD30AAF}.Debug|Any CPU.ActiveCfg = Debug|Any CPU
		{C1B0A7BC-AF9F-4039-8540-231ECDD30AAF}.Debug|Any CPU.Build.0 = Debug|Any CPU
		{C1B0A7BC-AF9F-4039-8540-231ECDD30AAF}.Debug|ARM.ActiveCfg = Debug|Any CPU
		{C1B0A7BC-AF9F-4039-8540-231ECDD30AAF}.Debug|ARM.Build.0 = Debug|Any CPU
		{C1B0A7BC-AF9F-4039-8540-231ECDD30AAF}.Debug|x64.ActiveCfg = Debug|Any CPU
		{C1B0A7BC-AF9F-4039-8540-231ECDD30AAF}.Debug|x64.Build.0 = Debug|Any CPU
		{C1B0A7BC-AF9F-4039-8540-231ECDD30AAF}.Debug|x86.ActiveCfg = Debug|Any CPU
		{C1B0A7BC-AF9F-4039-8540-231ECDD30AAF}.Debug|x86.Build.0 = Debug|Any CPU
		{C1B0A7BC-AF9F-4039-8540-231ECDD30AAF}.Release|Any CPU.ActiveCfg = Release|Any CPU
		{C1B0A7BC-AF9F-4039-8540-231ECDD30AAF}.Release|Any CPU.Build.0 = Release|Any CPU
		{C1B0A7BC-AF9F-4039-8540-231ECDD30AAF}.Release|ARM.ActiveCfg = Release|Any CPU
		{C1B0A7BC-AF9F-4039-8540-231ECDD30AAF}.Release|ARM.Build.0 = Release|Any CPU
		{C1B0A7BC-AF9F-4039-8540-231ECDD30AAF}.Release|x64.ActiveCfg = Release|Any CPU
		{C1B0A7BC-AF9F-4039-8540-231ECDD30AAF}.Release|x64.Build.0 = Release|Any CPU
		{C1B0A7BC-AF9F-4039-8540-231ECDD30AAF}.Release|x86.ActiveCfg = Release|Any CPU
		{C1B0A7BC-AF9F-4039-8540-231ECDD30AAF}.Release|x86.Build.0 = Release|Any CPU
		{C8D9EA79-91EF-4A96-AA75-F0D3E9B57328}.Debug|Any CPU.ActiveCfg = Debug|Any CPU
		{C8D9EA79-91EF-4A96-AA75-F0D3E9B57328}.Debug|Any CPU.Build.0 = Debug|Any CPU
		{C8D9EA79-91EF-4A96-AA75-F0D3E9B57328}.Debug|ARM.ActiveCfg = Debug|Any CPU
		{C8D9EA79-91EF-4A96-AA75-F0D3E9B57328}.Debug|ARM.Build.0 = Debug|Any CPU
		{C8D9EA79-91EF-4A96-AA75-F0D3E9B57328}.Debug|x64.ActiveCfg = Debug|Any CPU
		{C8D9EA79-91EF-4A96-AA75-F0D3E9B57328}.Debug|x64.Build.0 = Debug|Any CPU
		{C8D9EA79-91EF-4A96-AA75-F0D3E9B57328}.Debug|x86.ActiveCfg = Debug|Any CPU
		{C8D9EA79-91EF-4A96-AA75-F0D3E9B57328}.Debug|x86.Build.0 = Debug|Any CPU
		{C8D9EA79-91EF-4A96-AA75-F0D3E9B57328}.Release|Any CPU.ActiveCfg = Release|Any CPU
		{C8D9EA79-91EF-4A96-AA75-F0D3E9B57328}.Release|Any CPU.Build.0 = Release|Any CPU
		{C8D9EA79-91EF-4A96-AA75-F0D3E9B57328}.Release|ARM.ActiveCfg = Release|Any CPU
		{C8D9EA79-91EF-4A96-AA75-F0D3E9B57328}.Release|ARM.Build.0 = Release|Any CPU
		{C8D9EA79-91EF-4A96-AA75-F0D3E9B57328}.Release|x64.ActiveCfg = Release|Any CPU
		{C8D9EA79-91EF-4A96-AA75-F0D3E9B57328}.Release|x64.Build.0 = Release|Any CPU
		{C8D9EA79-91EF-4A96-AA75-F0D3E9B57328}.Release|x86.ActiveCfg = Release|Any CPU
		{C8D9EA79-91EF-4A96-AA75-F0D3E9B57328}.Release|x86.Build.0 = Release|Any CPU
		{BBB29582-A5B9-4026-809B-E248722EE973}.Debug|Any CPU.ActiveCfg = Debug|Any CPU
		{BBB29582-A5B9-4026-809B-E248722EE973}.Debug|Any CPU.Build.0 = Debug|Any CPU
		{BBB29582-A5B9-4026-809B-E248722EE973}.Debug|ARM.ActiveCfg = Debug|Any CPU
		{BBB29582-A5B9-4026-809B-E248722EE973}.Debug|ARM.Build.0 = Debug|Any CPU
		{BBB29582-A5B9-4026-809B-E248722EE973}.Debug|x64.ActiveCfg = Debug|Any CPU
		{BBB29582-A5B9-4026-809B-E248722EE973}.Debug|x64.Build.0 = Debug|Any CPU
		{BBB29582-A5B9-4026-809B-E248722EE973}.Debug|x86.ActiveCfg = Debug|Any CPU
		{BBB29582-A5B9-4026-809B-E248722EE973}.Debug|x86.Build.0 = Debug|Any CPU
		{BBB29582-A5B9-4026-809B-E248722EE973}.Release|Any CPU.ActiveCfg = Release|Any CPU
		{BBB29582-A5B9-4026-809B-E248722EE973}.Release|Any CPU.Build.0 = Release|Any CPU
		{BBB29582-A5B9-4026-809B-E248722EE973}.Release|ARM.ActiveCfg = Release|Any CPU
		{BBB29582-A5B9-4026-809B-E248722EE973}.Release|ARM.Build.0 = Release|Any CPU
		{BBB29582-A5B9-4026-809B-E248722EE973}.Release|x64.ActiveCfg = Release|Any CPU
		{BBB29582-A5B9-4026-809B-E248722EE973}.Release|x64.Build.0 = Release|Any CPU
		{BBB29582-A5B9-4026-809B-E248722EE973}.Release|x86.ActiveCfg = Release|Any CPU
		{BBB29582-A5B9-4026-809B-E248722EE973}.Release|x86.Build.0 = Release|Any CPU
		{97FD881B-DE5B-4929-8E5C-DAA9FBDADADE}.Debug|Any CPU.ActiveCfg = Debug|Any CPU
		{97FD881B-DE5B-4929-8E5C-DAA9FBDADADE}.Debug|Any CPU.Build.0 = Debug|Any CPU
		{97FD881B-DE5B-4929-8E5C-DAA9FBDADADE}.Debug|ARM.ActiveCfg = Debug|Any CPU
		{97FD881B-DE5B-4929-8E5C-DAA9FBDADADE}.Debug|ARM.Build.0 = Debug|Any CPU
		{97FD881B-DE5B-4929-8E5C-DAA9FBDADADE}.Debug|x64.ActiveCfg = Debug|Any CPU
		{97FD881B-DE5B-4929-8E5C-DAA9FBDADADE}.Debug|x64.Build.0 = Debug|Any CPU
		{97FD881B-DE5B-4929-8E5C-DAA9FBDADADE}.Debug|x86.ActiveCfg = Debug|Any CPU
		{97FD881B-DE5B-4929-8E5C-DAA9FBDADADE}.Debug|x86.Build.0 = Debug|Any CPU
		{97FD881B-DE5B-4929-8E5C-DAA9FBDADADE}.Release|Any CPU.ActiveCfg = Release|Any CPU
		{97FD881B-DE5B-4929-8E5C-DAA9FBDADADE}.Release|Any CPU.Build.0 = Release|Any CPU
		{97FD881B-DE5B-4929-8E5C-DAA9FBDADADE}.Release|ARM.ActiveCfg = Release|Any CPU
		{97FD881B-DE5B-4929-8E5C-DAA9FBDADADE}.Release|ARM.Build.0 = Release|Any CPU
		{97FD881B-DE5B-4929-8E5C-DAA9FBDADADE}.Release|x64.ActiveCfg = Release|Any CPU
		{97FD881B-DE5B-4929-8E5C-DAA9FBDADADE}.Release|x64.Build.0 = Release|Any CPU
		{97FD881B-DE5B-4929-8E5C-DAA9FBDADADE}.Release|x86.ActiveCfg = Release|Any CPU
		{97FD881B-DE5B-4929-8E5C-DAA9FBDADADE}.Release|x86.Build.0 = Release|Any CPU
	EndGlobalSection
	GlobalSection(SolutionProperties) = preSolution
		HideSolutionNode = FALSE
	EndGlobalSection
	GlobalSection(NestedProjects) = preSolution
		{1404165C-13B2-43E2-A78D-6B271EB62FC8} = {795CD637-D3F6-44AB-A408-AA89B7C18356}
		{08063D55-3F5E-4CA0-978E-00C6699A3011} = {A7491D1D-7E5B-4021-8105-4098683807EB}
		{43976AB8-60F1-4E2B-855C-0425AC0D053A} = {A7491D1D-7E5B-4021-8105-4098683807EB}
		{17CF2456-692D-4D8D-996B-59BD067E9175} = {A7491D1D-7E5B-4021-8105-4098683807EB}
		{76150B64-C200-4893-8375-479E377389CC} = {795CD637-D3F6-44AB-A408-AA89B7C18356}
		{89A86E84-BC70-4F54-8022-1FFCAF1D908D} = {A7491D1D-7E5B-4021-8105-4098683807EB}
		{BBD59A28-DF7C-455A-BEDD-7EAE6D9CDC6D} = {A7491D1D-7E5B-4021-8105-4098683807EB}
		{BA30A12E-C25B-47DF-9761-C3D752C59D3A} = {82B10F43-3A68-401C-99AB-515D409F6CD3}
		{F130AD38-3852-43B1-840E-689E57D38790} = {A7491D1D-7E5B-4021-8105-4098683807EB}
		{9BA3AECB-F606-4250-A1C3-D50E5AB53154} = {82B10F43-3A68-401C-99AB-515D409F6CD3}
		{C1B0A7BC-AF9F-4039-8540-231ECDD30AAF} = {A7491D1D-7E5B-4021-8105-4098683807EB}
		{82B10F43-3A68-401C-99AB-515D409F6CD3} = {795CD637-D3F6-44AB-A408-AA89B7C18356}
		{C8D9EA79-91EF-4A96-AA75-F0D3E9B57328} = {795CD637-D3F6-44AB-A408-AA89B7C18356}
		{BBB29582-A5B9-4026-809B-E248722EE973} = {A7491D1D-7E5B-4021-8105-4098683807EB}
		{97FD881B-DE5B-4929-8E5C-DAA9FBDADADE} = {A7491D1D-7E5B-4021-8105-4098683807EB}
	EndGlobalSection
	GlobalSection(ExtensibilityGlobals) = postSolution
		SolutionGuid = {0768D221-78A3-4008-968F-3A4D4E43A7D8}
	EndGlobalSection
EndGlobal
