
Microsoft Visual Studio Solution File, Format Version 12.00
# Visual Studio 14
VisualStudioVersion = 14.0.25420.1
MinimumVisualStudioVersion = 10.0.40219.1
Project("{FAE04EC0-301F-11D3-BF4B-00C04F79EFBC}") = "LightBDD", "LightBDD\LightBDD.csproj", "{C8406FF5-FF97-4B66-A789-CBD97263FAC4}"
EndProject
Project("{FAE04EC0-301F-11D3-BF4B-00C04F79EFBC}") = "LightBDD.Example", "LightBDD.Example\LightBDD.Example.csproj", "{994D78CA-0CB3-4DE2-95E1-60BA11EB1E78}"
EndProject
Project("{FAE04EC0-301F-11D3-BF4B-00C04F79EFBC}") = "LightBDD.UnitTests", "LightBDD.UnitTests\LightBDD.UnitTests.csproj", "{1DA8DA63-2CED-4A91-85F1-CC913190050F}"
EndProject
Project("{2150E333-8FDC-42A3-9474-1A3956D46DE8}") = ".nuget", ".nuget", "{46559B74-207F-439F-9851-542D7F6F766D}"
	ProjectSection(SolutionItems) = preProject
		.nuget\NuGet.Config = .nuget\NuGet.Config
		.nuget\NuGet.exe = .nuget\NuGet.exe
		.nuget\NuGet.targets = .nuget\NuGet.targets
	EndProjectSection
EndProject
Project("{2150E333-8FDC-42A3-9474-1A3956D46DE8}") = "Solution Items", "Solution Items", "{B3AFFD69-36B4-43D6-A6AA-72914D15055C}"
	ProjectSection(SolutionItems) = preProject
		AssemblyVersion.cs = AssemblyVersion.cs
		Changelog.txt = Changelog.txt
		LICENSE.txt = LICENSE.txt
		QuickStart.txt = QuickStart.txt
		README.md = README.md
		XmlResultFormatterSchema.xsd = XmlResultFormatterSchema.xsd
	EndProjectSection
EndProject
Project("{FAE04EC0-301F-11D3-BF4B-00C04F79EFBC}") = "LightBDD.NUnit", "LightBDD.NUnit\LightBDD.NUnit.csproj", "{B97EF26C-EF54-4A85-9C0E-1F65283712D7}"
EndProject
Project("{FAE04EC0-301F-11D3-BF4B-00C04F79EFBC}") = "LightBDD.MbUnit", "LightBDD.MbUnit\LightBDD.MbUnit.csproj", "{437A2166-4A07-4F85-AA15-8A0518007093}"
EndProject
Project("{2150E333-8FDC-42A3-9474-1A3956D46DE8}") = "Tests", "Tests", "{DD1450B8-8CA1-4819-A2F6-92DF98DEA0A5}"
EndProject
Project("{2150E333-8FDC-42A3-9474-1A3956D46DE8}") = "Examples", "Examples", "{8028A964-3C61-4531-8F62-721DC29B7102}"
EndProject
Project("{FAE04EC0-301F-11D3-BF4B-00C04F79EFBC}") = "LightBDD.MsTest", "LightBDD.MsTest\LightBDD.MsTest.csproj", "{14094347-12CB-49E4-B81E-4AC3370A96F5}"
EndProject
Project("{FAE04EC0-301F-11D3-BF4B-00C04F79EFBC}") = "LightBDD.Example.AcceptanceTests.NUnit", "LightBDD.Example.AcceptanceTests.NUnit\LightBDD.Example.AcceptanceTests.NUnit.csproj", "{3D15B7F7-8987-4D3E-9AFC-22FE361E2D32}"
EndProject
Project("{FAE04EC0-301F-11D3-BF4B-00C04F79EFBC}") = "LightBDD.Example.AcceptanceTests.MbUnit", "LightBDD.Example.AcceptanceTests.MbUnit\LightBDD.Example.AcceptanceTests.MbUnit.csproj", "{1EB4A374-A0D9-4975-9D5F-10BBA9FC3DE3}"
EndProject
Project("{FAE04EC0-301F-11D3-BF4B-00C04F79EFBC}") = "LightBDD.Example.AcceptanceTests.MsTest", "LightBDD.Example.AcceptanceTests.MsTest\LightBDD.Example.AcceptanceTests.MsTest.csproj", "{068B1D33-8E36-4E4E-9E0C-2660594E6727}"
EndProject
Project("{FAE04EC0-301F-11D3-BF4B-00C04F79EFBC}") = "LightBDD.AcceptanceTests", "LightBDD.AcceptanceTests\LightBDD.AcceptanceTests.csproj", "{1FCADB0C-9632-4F17-BCB6-7068347B404A}"
EndProject
Project("{FAE04EC0-301F-11D3-BF4B-00C04F79EFBC}") = "LightBDD.XUnit", "LightBDD.XUnit\LightBDD.XUnit.csproj", "{50A154A5-00CE-4D44-88C5-12915F2E64F1}"
EndProject
Project("{FAE04EC0-301F-11D3-BF4B-00C04F79EFBC}") = "LightBDD.Example.AcceptanceTests.XUnit", "LightBDD.Example.AcceptanceTests.XUnit\LightBDD.Example.AcceptanceTests.XUnit.csproj", "{3219158E-B974-4B10-86A6-7E388FDA57A9}"
EndProject
Project("{FAE04EC0-301F-11D3-BF4B-00C04F79EFBC}") = "LightBDD.Core", "LightBDD.Core\LightBDD.Core.csproj", "{9F3D28CD-E37E-4EF8-9CBF-A785D8CA3484}"
EndProject
Project("{FAE04EC0-301F-11D3-BF4B-00C04F79EFBC}") = "LightBDD.Core.UnitTests", "LightBDD.Core.UnitTests\LightBDD.Core.UnitTests.csproj", "{5B8B565E-84E5-46D5-B426-E3257707799B}"
EndProject
Project("{FAE04EC0-301F-11D3-BF4B-00C04F79EFBC}") = "LightBDD.Scenarios.Basic", "LightBDD.Scenarios.Basic\LightBDD.Scenarios.Basic.csproj", "{121B928F-9831-4075-A29B-57E798A2BD22}"
EndProject
Project("{FAE04EC0-301F-11D3-BF4B-00C04F79EFBC}") = "LightBDD.Scenarios.Basic.UnitTests", "LightBDD.Scenarios.Basic.UnitTests\LightBDD.Scenarios.Basic.UnitTests.csproj", "{1071138F-3428-404A-A54E-6E9956520BEE}"
EndProject
Project("{FAE04EC0-301F-11D3-BF4B-00C04F79EFBC}") = "LightBDD.Integration.NUnit3", "LightBDD.Integration.NUnit3\LightBDD.Integration.NUnit3.csproj", "{2FBDDB64-1051-4823-80A7-C823A994A37E}"
EndProject
Project("{2150E333-8FDC-42A3-9474-1A3956D46DE8}") = "Tests", "Tests", "{3BBC4D5A-A69A-4D21-BDD1-6EFEBACE0C1F}"
EndProject
Project("{FAE04EC0-301F-11D3-BF4B-00C04F79EFBC}") = "LightBDD.Integration.NUnit3.UnitTests", "LightBDD.Integration.NUnit3.UnitTests\LightBDD.Integration.NUnit3.UnitTests.csproj", "{A5EA0407-8FA8-46DC-81F3-06272275CCAC}"
EndProject
Project("{FAE04EC0-301F-11D3-BF4B-00C04F79EFBC}") = "LightBDD.Integration.MsTest", "LightBDD.Integration.MsTest\LightBDD.Integration.MsTest.csproj", "{A0EF917E-1F82-479F-9160-0DBC2FD60AD9}"
EndProject
Project("{FAE04EC0-301F-11D3-BF4B-00C04F79EFBC}") = "LightBDD.Integration.XUnit2", "LightBDD.Integration.XUnit2\LightBDD.Integration.XUnit2.csproj", "{8CE8E800-999B-4A9F-B964-A0D7F560F3DD}"
EndProject
Project("{FAE04EC0-301F-11D3-BF4B-00C04F79EFBC}") = "LightBDD.Integration.MsTest.UnitTests", "LightBDD.Integration.MsTest.UnitTests\LightBDD.Integration.MsTest.UnitTests.csproj", "{3B1FCF94-E083-44EC-BB3A-5596D67AA0AC}"
EndProject
Project("{FAE04EC0-301F-11D3-BF4B-00C04F79EFBC}") = "LightBDD.Integration.XUnit2.UnitTests", "LightBDD.Integration.XUnit2.UnitTests\LightBDD.Integration.XUnit2.UnitTests.csproj", "{3612A1B0-66A2-42AC-A232-1C5F786DF37C}"
EndProject
Project("{FAE04EC0-301F-11D3-BF4B-00C04F79EFBC}") = "LightBDD.SummaryGeneration", "LightBDD.SummaryGeneration\LightBDD.SummaryGeneration.csproj", "{C5D8C75E-8E3B-479F-9207-5ABFC884B97F}"
EndProject
Project("{FAE04EC0-301F-11D3-BF4B-00C04F79EFBC}") = "LightBDD.SummaryGeneration.UnitTests", "LightBDD.SummaryGeneration.UnitTests\LightBDD.SummaryGeneration.UnitTests.csproj", "{D1D65BF6-D7A2-4D27-B7E0-EC28ACCE27E8}"
EndProject
Project("{FAE04EC0-301F-11D3-BF4B-00C04F79EFBC}") = "LightBDD.UnitTests.Helpers", "LightBDD.UnitTests.Helpers\LightBDD.UnitTests.Helpers.csproj", "{CF893093-7FC5-4688-8360-EE920C2035F3}"
EndProject
Project("{FAE04EC0-301F-11D3-BF4B-00C04F79EFBC}") = "LightBDD.Scenarios.Parameterized", "LightBDD.Scenarios.Parameterized\LightBDD.Scenarios.Parameterized.csproj", "{F8286654-21F9-4016-9D2C-7D384582F5E8}"
EndProject
Project("{FAE04EC0-301F-11D3-BF4B-00C04F79EFBC}") = "LightBDD.Scenarios.Parameterized.UnitTests", "LightBDD.Scenarios.Parameterized.UnitTests\LightBDD.Scenarios.Parameterized.UnitTests.csproj", "{600AE719-F807-42AC-9D8C-0543EC4984B8}"
EndProject
Project("{FAE04EC0-301F-11D3-BF4B-00C04F79EFBC}") = "LightBDD.Runners.Contextual", "LightBDD.Runners.Contextual\LightBDD.Runners.Contextual.csproj", "{8F3DBFF6-1E89-47B1-826C-4643A00059D7}"
EndProject
Project("{FAE04EC0-301F-11D3-BF4B-00C04F79EFBC}") = "LightBDD.Runners.Contextual.UnitTests", "LightBDD.Runners.Contextual.UnitTests\LightBDD.Runners.Contextual.UnitTests.csproj", "{4844ADAE-A4F9-462E-85CC-5D090B626400}"
EndProject
Project("{2150E333-8FDC-42A3-9474-1A3956D46DE8}") = "1_x", "1_x", "{67F001FF-0A1F-42DB-A5CE-249E2DEFC019}"
EndProject
Project("{FAE04EC0-301F-11D3-BF4B-00C04F79EFBC}") = "LightBDD.Extensions.ContextualAsyncExecution", "LightBDD.Extensions.ContextualAsyncExecution\LightBDD.Extensions.ContextualAsyncExecution.csproj", "{EF7A2E66-C1F3-49D8-8A35-787185D6BFD2}"
EndProject
Project("{FAE04EC0-301F-11D3-BF4B-00C04F79EFBC}") = "LightBDD.Features.Commenting", "LightBDD.Features.Commenting\LightBDD.Features.Commenting.csproj", "{81872A44-E6E3-4939-A0E0-55F21AB39A0E}"
EndProject
Global
	GlobalSection(SolutionConfigurationPlatforms) = preSolution
		Debug|Any CPU = Debug|Any CPU
		Release|Any CPU = Release|Any CPU
	EndGlobalSection
	GlobalSection(ProjectConfigurationPlatforms) = postSolution
		{C8406FF5-FF97-4B66-A789-CBD97263FAC4}.Debug|Any CPU.ActiveCfg = Debug|Any CPU
		{C8406FF5-FF97-4B66-A789-CBD97263FAC4}.Debug|Any CPU.Build.0 = Debug|Any CPU
		{C8406FF5-FF97-4B66-A789-CBD97263FAC4}.Release|Any CPU.ActiveCfg = Release|Any CPU
		{C8406FF5-FF97-4B66-A789-CBD97263FAC4}.Release|Any CPU.Build.0 = Release|Any CPU
		{994D78CA-0CB3-4DE2-95E1-60BA11EB1E78}.Debug|Any CPU.ActiveCfg = Debug|Any CPU
		{994D78CA-0CB3-4DE2-95E1-60BA11EB1E78}.Debug|Any CPU.Build.0 = Debug|Any CPU
		{994D78CA-0CB3-4DE2-95E1-60BA11EB1E78}.Release|Any CPU.ActiveCfg = Release|Any CPU
		{994D78CA-0CB3-4DE2-95E1-60BA11EB1E78}.Release|Any CPU.Build.0 = Release|Any CPU
		{1DA8DA63-2CED-4A91-85F1-CC913190050F}.Debug|Any CPU.ActiveCfg = Debug|Any CPU
		{1DA8DA63-2CED-4A91-85F1-CC913190050F}.Debug|Any CPU.Build.0 = Debug|Any CPU
		{1DA8DA63-2CED-4A91-85F1-CC913190050F}.Release|Any CPU.ActiveCfg = Release|Any CPU
		{1DA8DA63-2CED-4A91-85F1-CC913190050F}.Release|Any CPU.Build.0 = Release|Any CPU
		{B97EF26C-EF54-4A85-9C0E-1F65283712D7}.Debug|Any CPU.ActiveCfg = Debug|Any CPU
		{B97EF26C-EF54-4A85-9C0E-1F65283712D7}.Debug|Any CPU.Build.0 = Debug|Any CPU
		{B97EF26C-EF54-4A85-9C0E-1F65283712D7}.Release|Any CPU.ActiveCfg = Release|Any CPU
		{B97EF26C-EF54-4A85-9C0E-1F65283712D7}.Release|Any CPU.Build.0 = Release|Any CPU
		{437A2166-4A07-4F85-AA15-8A0518007093}.Debug|Any CPU.ActiveCfg = Debug|Any CPU
		{437A2166-4A07-4F85-AA15-8A0518007093}.Debug|Any CPU.Build.0 = Debug|Any CPU
		{437A2166-4A07-4F85-AA15-8A0518007093}.Release|Any CPU.ActiveCfg = Release|Any CPU
		{437A2166-4A07-4F85-AA15-8A0518007093}.Release|Any CPU.Build.0 = Release|Any CPU
		{14094347-12CB-49E4-B81E-4AC3370A96F5}.Debug|Any CPU.ActiveCfg = Debug|Any CPU
		{14094347-12CB-49E4-B81E-4AC3370A96F5}.Debug|Any CPU.Build.0 = Debug|Any CPU
		{14094347-12CB-49E4-B81E-4AC3370A96F5}.Release|Any CPU.ActiveCfg = Release|Any CPU
		{14094347-12CB-49E4-B81E-4AC3370A96F5}.Release|Any CPU.Build.0 = Release|Any CPU
		{3D15B7F7-8987-4D3E-9AFC-22FE361E2D32}.Debug|Any CPU.ActiveCfg = Debug|Any CPU
		{3D15B7F7-8987-4D3E-9AFC-22FE361E2D32}.Debug|Any CPU.Build.0 = Debug|Any CPU
		{3D15B7F7-8987-4D3E-9AFC-22FE361E2D32}.Release|Any CPU.ActiveCfg = Release|Any CPU
		{3D15B7F7-8987-4D3E-9AFC-22FE361E2D32}.Release|Any CPU.Build.0 = Release|Any CPU
		{1EB4A374-A0D9-4975-9D5F-10BBA9FC3DE3}.Debug|Any CPU.ActiveCfg = Debug|Any CPU
		{1EB4A374-A0D9-4975-9D5F-10BBA9FC3DE3}.Debug|Any CPU.Build.0 = Debug|Any CPU
		{1EB4A374-A0D9-4975-9D5F-10BBA9FC3DE3}.Release|Any CPU.ActiveCfg = Release|Any CPU
		{1EB4A374-A0D9-4975-9D5F-10BBA9FC3DE3}.Release|Any CPU.Build.0 = Release|Any CPU
		{068B1D33-8E36-4E4E-9E0C-2660594E6727}.Debug|Any CPU.ActiveCfg = Debug|Any CPU
		{068B1D33-8E36-4E4E-9E0C-2660594E6727}.Debug|Any CPU.Build.0 = Debug|Any CPU
		{068B1D33-8E36-4E4E-9E0C-2660594E6727}.Release|Any CPU.ActiveCfg = Release|Any CPU
		{068B1D33-8E36-4E4E-9E0C-2660594E6727}.Release|Any CPU.Build.0 = Release|Any CPU
		{1FCADB0C-9632-4F17-BCB6-7068347B404A}.Debug|Any CPU.ActiveCfg = Debug|Any CPU
		{1FCADB0C-9632-4F17-BCB6-7068347B404A}.Debug|Any CPU.Build.0 = Debug|Any CPU
		{1FCADB0C-9632-4F17-BCB6-7068347B404A}.Release|Any CPU.ActiveCfg = Release|Any CPU
		{1FCADB0C-9632-4F17-BCB6-7068347B404A}.Release|Any CPU.Build.0 = Release|Any CPU
		{50A154A5-00CE-4D44-88C5-12915F2E64F1}.Debug|Any CPU.ActiveCfg = Debug|Any CPU
		{50A154A5-00CE-4D44-88C5-12915F2E64F1}.Debug|Any CPU.Build.0 = Debug|Any CPU
		{50A154A5-00CE-4D44-88C5-12915F2E64F1}.Release|Any CPU.ActiveCfg = Release|Any CPU
		{50A154A5-00CE-4D44-88C5-12915F2E64F1}.Release|Any CPU.Build.0 = Release|Any CPU
		{3219158E-B974-4B10-86A6-7E388FDA57A9}.Debug|Any CPU.ActiveCfg = Debug|Any CPU
		{3219158E-B974-4B10-86A6-7E388FDA57A9}.Debug|Any CPU.Build.0 = Debug|Any CPU
		{3219158E-B974-4B10-86A6-7E388FDA57A9}.Release|Any CPU.ActiveCfg = Release|Any CPU
		{3219158E-B974-4B10-86A6-7E388FDA57A9}.Release|Any CPU.Build.0 = Release|Any CPU
		{9F3D28CD-E37E-4EF8-9CBF-A785D8CA3484}.Debug|Any CPU.ActiveCfg = Debug|Any CPU
		{9F3D28CD-E37E-4EF8-9CBF-A785D8CA3484}.Debug|Any CPU.Build.0 = Debug|Any CPU
		{9F3D28CD-E37E-4EF8-9CBF-A785D8CA3484}.Release|Any CPU.ActiveCfg = Release|Any CPU
		{9F3D28CD-E37E-4EF8-9CBF-A785D8CA3484}.Release|Any CPU.Build.0 = Release|Any CPU
		{5B8B565E-84E5-46D5-B426-E3257707799B}.Debug|Any CPU.ActiveCfg = Debug|Any CPU
		{5B8B565E-84E5-46D5-B426-E3257707799B}.Debug|Any CPU.Build.0 = Debug|Any CPU
		{5B8B565E-84E5-46D5-B426-E3257707799B}.Release|Any CPU.ActiveCfg = Release|Any CPU
		{5B8B565E-84E5-46D5-B426-E3257707799B}.Release|Any CPU.Build.0 = Release|Any CPU
		{121B928F-9831-4075-A29B-57E798A2BD22}.Debug|Any CPU.ActiveCfg = Debug|Any CPU
		{121B928F-9831-4075-A29B-57E798A2BD22}.Debug|Any CPU.Build.0 = Debug|Any CPU
		{121B928F-9831-4075-A29B-57E798A2BD22}.Release|Any CPU.ActiveCfg = Release|Any CPU
		{121B928F-9831-4075-A29B-57E798A2BD22}.Release|Any CPU.Build.0 = Release|Any CPU
		{1071138F-3428-404A-A54E-6E9956520BEE}.Debug|Any CPU.ActiveCfg = Debug|Any CPU
		{1071138F-3428-404A-A54E-6E9956520BEE}.Debug|Any CPU.Build.0 = Debug|Any CPU
		{1071138F-3428-404A-A54E-6E9956520BEE}.Release|Any CPU.ActiveCfg = Release|Any CPU
		{1071138F-3428-404A-A54E-6E9956520BEE}.Release|Any CPU.Build.0 = Release|Any CPU
		{2FBDDB64-1051-4823-80A7-C823A994A37E}.Debug|Any CPU.ActiveCfg = Debug|Any CPU
		{2FBDDB64-1051-4823-80A7-C823A994A37E}.Debug|Any CPU.Build.0 = Debug|Any CPU
		{2FBDDB64-1051-4823-80A7-C823A994A37E}.Release|Any CPU.ActiveCfg = Release|Any CPU
		{2FBDDB64-1051-4823-80A7-C823A994A37E}.Release|Any CPU.Build.0 = Release|Any CPU
		{A5EA0407-8FA8-46DC-81F3-06272275CCAC}.Debug|Any CPU.ActiveCfg = Debug|Any CPU
		{A5EA0407-8FA8-46DC-81F3-06272275CCAC}.Debug|Any CPU.Build.0 = Debug|Any CPU
		{A5EA0407-8FA8-46DC-81F3-06272275CCAC}.Release|Any CPU.ActiveCfg = Release|Any CPU
		{A5EA0407-8FA8-46DC-81F3-06272275CCAC}.Release|Any CPU.Build.0 = Release|Any CPU
		{A0EF917E-1F82-479F-9160-0DBC2FD60AD9}.Debug|Any CPU.ActiveCfg = Debug|Any CPU
		{A0EF917E-1F82-479F-9160-0DBC2FD60AD9}.Debug|Any CPU.Build.0 = Debug|Any CPU
		{A0EF917E-1F82-479F-9160-0DBC2FD60AD9}.Release|Any CPU.ActiveCfg = Release|Any CPU
		{A0EF917E-1F82-479F-9160-0DBC2FD60AD9}.Release|Any CPU.Build.0 = Release|Any CPU
		{8CE8E800-999B-4A9F-B964-A0D7F560F3DD}.Debug|Any CPU.ActiveCfg = Debug|Any CPU
		{8CE8E800-999B-4A9F-B964-A0D7F560F3DD}.Debug|Any CPU.Build.0 = Debug|Any CPU
		{8CE8E800-999B-4A9F-B964-A0D7F560F3DD}.Release|Any CPU.ActiveCfg = Release|Any CPU
		{8CE8E800-999B-4A9F-B964-A0D7F560F3DD}.Release|Any CPU.Build.0 = Release|Any CPU
		{3B1FCF94-E083-44EC-BB3A-5596D67AA0AC}.Debug|Any CPU.ActiveCfg = Debug|Any CPU
		{3B1FCF94-E083-44EC-BB3A-5596D67AA0AC}.Debug|Any CPU.Build.0 = Debug|Any CPU
		{3B1FCF94-E083-44EC-BB3A-5596D67AA0AC}.Release|Any CPU.ActiveCfg = Release|Any CPU
		{3B1FCF94-E083-44EC-BB3A-5596D67AA0AC}.Release|Any CPU.Build.0 = Release|Any CPU
		{3612A1B0-66A2-42AC-A232-1C5F786DF37C}.Debug|Any CPU.ActiveCfg = Debug|Any CPU
		{3612A1B0-66A2-42AC-A232-1C5F786DF37C}.Debug|Any CPU.Build.0 = Debug|Any CPU
		{3612A1B0-66A2-42AC-A232-1C5F786DF37C}.Release|Any CPU.ActiveCfg = Release|Any CPU
		{3612A1B0-66A2-42AC-A232-1C5F786DF37C}.Release|Any CPU.Build.0 = Release|Any CPU
		{C5D8C75E-8E3B-479F-9207-5ABFC884B97F}.Debug|Any CPU.ActiveCfg = Debug|Any CPU
		{C5D8C75E-8E3B-479F-9207-5ABFC884B97F}.Debug|Any CPU.Build.0 = Debug|Any CPU
		{C5D8C75E-8E3B-479F-9207-5ABFC884B97F}.Release|Any CPU.ActiveCfg = Release|Any CPU
		{C5D8C75E-8E3B-479F-9207-5ABFC884B97F}.Release|Any CPU.Build.0 = Release|Any CPU
		{D1D65BF6-D7A2-4D27-B7E0-EC28ACCE27E8}.Debug|Any CPU.ActiveCfg = Debug|Any CPU
		{D1D65BF6-D7A2-4D27-B7E0-EC28ACCE27E8}.Debug|Any CPU.Build.0 = Debug|Any CPU
		{D1D65BF6-D7A2-4D27-B7E0-EC28ACCE27E8}.Release|Any CPU.ActiveCfg = Release|Any CPU
		{D1D65BF6-D7A2-4D27-B7E0-EC28ACCE27E8}.Release|Any CPU.Build.0 = Release|Any CPU
		{CF893093-7FC5-4688-8360-EE920C2035F3}.Debug|Any CPU.ActiveCfg = Debug|Any CPU
		{CF893093-7FC5-4688-8360-EE920C2035F3}.Debug|Any CPU.Build.0 = Debug|Any CPU
		{CF893093-7FC5-4688-8360-EE920C2035F3}.Release|Any CPU.ActiveCfg = Release|Any CPU
		{CF893093-7FC5-4688-8360-EE920C2035F3}.Release|Any CPU.Build.0 = Release|Any CPU
		{F8286654-21F9-4016-9D2C-7D384582F5E8}.Debug|Any CPU.ActiveCfg = Debug|Any CPU
		{F8286654-21F9-4016-9D2C-7D384582F5E8}.Debug|Any CPU.Build.0 = Debug|Any CPU
		{F8286654-21F9-4016-9D2C-7D384582F5E8}.Release|Any CPU.ActiveCfg = Release|Any CPU
		{F8286654-21F9-4016-9D2C-7D384582F5E8}.Release|Any CPU.Build.0 = Release|Any CPU
		{600AE719-F807-42AC-9D8C-0543EC4984B8}.Debug|Any CPU.ActiveCfg = Debug|Any CPU
		{600AE719-F807-42AC-9D8C-0543EC4984B8}.Debug|Any CPU.Build.0 = Debug|Any CPU
		{600AE719-F807-42AC-9D8C-0543EC4984B8}.Release|Any CPU.ActiveCfg = Release|Any CPU
		{600AE719-F807-42AC-9D8C-0543EC4984B8}.Release|Any CPU.Build.0 = Release|Any CPU
		{8F3DBFF6-1E89-47B1-826C-4643A00059D7}.Debug|Any CPU.ActiveCfg = Debug|Any CPU
		{8F3DBFF6-1E89-47B1-826C-4643A00059D7}.Debug|Any CPU.Build.0 = Debug|Any CPU
		{8F3DBFF6-1E89-47B1-826C-4643A00059D7}.Release|Any CPU.ActiveCfg = Release|Any CPU
		{8F3DBFF6-1E89-47B1-826C-4643A00059D7}.Release|Any CPU.Build.0 = Release|Any CPU
		{4844ADAE-A4F9-462E-85CC-5D090B626400}.Debug|Any CPU.ActiveCfg = Debug|Any CPU
		{4844ADAE-A4F9-462E-85CC-5D090B626400}.Debug|Any CPU.Build.0 = Debug|Any CPU
		{4844ADAE-A4F9-462E-85CC-5D090B626400}.Release|Any CPU.ActiveCfg = Release|Any CPU
		{4844ADAE-A4F9-462E-85CC-5D090B626400}.Release|Any CPU.Build.0 = Release|Any CPU
		{EF7A2E66-C1F3-49D8-8A35-787185D6BFD2}.Debug|Any CPU.ActiveCfg = Debug|Any CPU
		{EF7A2E66-C1F3-49D8-8A35-787185D6BFD2}.Debug|Any CPU.Build.0 = Debug|Any CPU
		{EF7A2E66-C1F3-49D8-8A35-787185D6BFD2}.Release|Any CPU.ActiveCfg = Release|Any CPU
		{EF7A2E66-C1F3-49D8-8A35-787185D6BFD2}.Release|Any CPU.Build.0 = Release|Any CPU
		{81872A44-E6E3-4939-A0E0-55F21AB39A0E}.Debug|Any CPU.ActiveCfg = Debug|Any CPU
		{81872A44-E6E3-4939-A0E0-55F21AB39A0E}.Debug|Any CPU.Build.0 = Debug|Any CPU
		{81872A44-E6E3-4939-A0E0-55F21AB39A0E}.Release|Any CPU.ActiveCfg = Release|Any CPU
		{81872A44-E6E3-4939-A0E0-55F21AB39A0E}.Release|Any CPU.Build.0 = Release|Any CPU
	EndGlobalSection
	GlobalSection(SolutionProperties) = preSolution
		HideSolutionNode = FALSE
	EndGlobalSection
	GlobalSection(NestedProjects) = preSolution
		{C8406FF5-FF97-4B66-A789-CBD97263FAC4} = {67F001FF-0A1F-42DB-A5CE-249E2DEFC019}
		{994D78CA-0CB3-4DE2-95E1-60BA11EB1E78} = {8028A964-3C61-4531-8F62-721DC29B7102}
		{1DA8DA63-2CED-4A91-85F1-CC913190050F} = {DD1450B8-8CA1-4819-A2F6-92DF98DEA0A5}
		{B97EF26C-EF54-4A85-9C0E-1F65283712D7} = {67F001FF-0A1F-42DB-A5CE-249E2DEFC019}
		{437A2166-4A07-4F85-AA15-8A0518007093} = {67F001FF-0A1F-42DB-A5CE-249E2DEFC019}
		{DD1450B8-8CA1-4819-A2F6-92DF98DEA0A5} = {67F001FF-0A1F-42DB-A5CE-249E2DEFC019}
		{8028A964-3C61-4531-8F62-721DC29B7102} = {67F001FF-0A1F-42DB-A5CE-249E2DEFC019}
		{14094347-12CB-49E4-B81E-4AC3370A96F5} = {67F001FF-0A1F-42DB-A5CE-249E2DEFC019}
		{3D15B7F7-8987-4D3E-9AFC-22FE361E2D32} = {8028A964-3C61-4531-8F62-721DC29B7102}
		{1EB4A374-A0D9-4975-9D5F-10BBA9FC3DE3} = {8028A964-3C61-4531-8F62-721DC29B7102}
		{068B1D33-8E36-4E4E-9E0C-2660594E6727} = {8028A964-3C61-4531-8F62-721DC29B7102}
		{1FCADB0C-9632-4F17-BCB6-7068347B404A} = {DD1450B8-8CA1-4819-A2F6-92DF98DEA0A5}
		{50A154A5-00CE-4D44-88C5-12915F2E64F1} = {67F001FF-0A1F-42DB-A5CE-249E2DEFC019}
		{3219158E-B974-4B10-86A6-7E388FDA57A9} = {8028A964-3C61-4531-8F62-721DC29B7102}
		{5B8B565E-84E5-46D5-B426-E3257707799B} = {3BBC4D5A-A69A-4D21-BDD1-6EFEBACE0C1F}
		{1071138F-3428-404A-A54E-6E9956520BEE} = {3BBC4D5A-A69A-4D21-BDD1-6EFEBACE0C1F}
		{A5EA0407-8FA8-46DC-81F3-06272275CCAC} = {3BBC4D5A-A69A-4D21-BDD1-6EFEBACE0C1F}
		{3B1FCF94-E083-44EC-BB3A-5596D67AA0AC} = {3BBC4D5A-A69A-4D21-BDD1-6EFEBACE0C1F}
		{3612A1B0-66A2-42AC-A232-1C5F786DF37C} = {3BBC4D5A-A69A-4D21-BDD1-6EFEBACE0C1F}
		{D1D65BF6-D7A2-4D27-B7E0-EC28ACCE27E8} = {3BBC4D5A-A69A-4D21-BDD1-6EFEBACE0C1F}
		{CF893093-7FC5-4688-8360-EE920C2035F3} = {3BBC4D5A-A69A-4D21-BDD1-6EFEBACE0C1F}
		{600AE719-F807-42AC-9D8C-0543EC4984B8} = {3BBC4D5A-A69A-4D21-BDD1-6EFEBACE0C1F}
		{4844ADAE-A4F9-462E-85CC-5D090B626400} = {3BBC4D5A-A69A-4D21-BDD1-6EFEBACE0C1F}
	EndGlobalSection
EndGlobal
