
Microsoft Visual Studio Solution File, Format Version 12.00
# Visual Studio 2012
Project("{FAE04EC0-301F-11D3-BF4B-00C04F79EFBC}") = "SimpleBDD", "SimpleBDD\SimpleBDD.csproj", "{C8406FF5-FF97-4B66-A789-CBD97263FAC4}"
EndProject
Project("{FAE04EC0-301F-11D3-BF4B-00C04F79EFBC}") = "SimpleBDD.Example", "SimpleBDD.Example\SimpleBDD.Example.csproj", "{994D78CA-0CB3-4DE2-95E1-60BA11EB1E78}"
EndProject
Project("{FAE04EC0-301F-11D3-BF4B-00C04F79EFBC}") = "SimpleBDD.UnitTests", "SimpleBDD.UnitTests\SimpleBDD.UnitTests.csproj", "{1DA8DA63-2CED-4A91-85F1-CC913190050F}"
EndProject
Project("{2150E333-8FDC-42A3-9474-1A3956D46DE8}") = ".nuget", ".nuget", "{46559B74-207F-439F-9851-542D7F6F766D}"
	ProjectSection(SolutionItems) = preProject
		.nuget\NuGet.Config = .nuget\NuGet.Config
		.nuget\NuGet.exe = .nuget\NuGet.exe
		.nuget\NuGet.targets = .nuget\NuGet.targets
	EndProjectSection
EndProject
Global
	GlobalSection(SolutionConfigurationPlatforms) = preSolution
		Debug|Any CPU = Debug|Any CPU
		Release|Any CPU = Release|Any CPU
	EndGlobalSection
	GlobalSection(ProjectConfigurationPlatforms) = postSolution
		{C8406FF5-FF97-4B66-A789-CBD97263FAC4}.Debug|Any CPU.ActiveCfg = Debug|Any CPU
		{C8406FF5-FF97-4B66-A789-CBD97263FAC4}.Debug|Any CPU.Build.0 = Debug|Any CPU
		{C8406FF5-FF97-4B66-A789-CBD97263FAC4}.Release|Any CPU.ActiveCfg = Release|Any CPU
		{C8406FF5-FF97-4B66-A789-CBD97263FAC4}.Release|Any CPU.Build.0 = Release|Any CPU
		{994D78CA-0CB3-4DE2-95E1-60BA11EB1E78}.Debug|Any CPU.ActiveCfg = Debug|Any CPU
		{994D78CA-0CB3-4DE2-95E1-60BA11EB1E78}.Debug|Any CPU.Build.0 = Debug|Any CPU
		{994D78CA-0CB3-4DE2-95E1-60BA11EB1E78}.Release|Any CPU.ActiveCfg = Release|Any CPU
		{994D78CA-0CB3-4DE2-95E1-60BA11EB1E78}.Release|Any CPU.Build.0 = Release|Any CPU
		{1DA8DA63-2CED-4A91-85F1-CC913190050F}.Debug|Any CPU.ActiveCfg = Debug|Any CPU
		{1DA8DA63-2CED-4A91-85F1-CC913190050F}.Debug|Any CPU.Build.0 = Debug|Any CPU
		{1DA8DA63-2CED-4A91-85F1-CC913190050F}.Release|Any CPU.ActiveCfg = Release|Any CPU
		{1DA8DA63-2CED-4A91-85F1-CC913190050F}.Release|Any CPU.Build.0 = Release|Any CPU
	EndGlobalSection
	GlobalSection(SolutionProperties) = preSolution
		HideSolutionNode = FALSE
	EndGlobalSection
EndGlobal
