
Microsoft Visual Studio Solution File, Format Version 12.00
# Visual Studio Version 17
VisualStudioVersion = 17.2.32616.157
MinimumVisualStudioVersion = 10.0.40219.1
Project("{9A19103F-16F7-4668-BE54-9A1E7A4F7556}") = "LightBDD.Core", "..\src\LightBDD.Core\LightBDD.Core.csproj", "{1404165C-13B2-43E2-A78D-6B271EB62FC8}"
EndProject
Project("{9A19103F-16F7-4668-BE54-9A1E7A4F7556}") = "Example.Domain", "Example.Domain\Example.Domain.csproj", "{F69FD39E-F710-4C37-A1E0-84B02B5C64CB}"
EndProject
Project("{9A19103F-16F7-4668-BE54-9A1E7A4F7556}") = "LightBDD.Framework", "..\src\LightBDD.Framework\LightBDD.Framework.csproj", "{76150B64-C200-4893-8375-479E377389CC}"
EndProject
Project("{2150E333-8FDC-42A3-9474-1A3956D46DE8}") = "src", "src", "{008F5231-8623-4F69-88A6-45E858187BC4}"
EndProject
Project("{9A19103F-16F7-4668-BE54-9A1E7A4F7556}") = "LightBDD.Runner", "..\src\LightBDD.Runner\LightBDD.Runner.csproj", "{3B180912-ED04-42FE-A882-3E997038A063}"
EndProject
Project("{9A19103F-16F7-4668-BE54-9A1E7A4F7556}") = "Example.LightBDD.Runner", "Example.LightBDD.Runner\Example.LightBDD.Runner.csproj", "{7148A22D-121B-4CB4-A68E-5E0A8BBCCBC9}"
EndProject
Global
	GlobalSection(SolutionConfigurationPlatforms) = preSolution
		Debug|Any CPU = Debug|Any CPU
		Debug|ARM = Debug|ARM
		Debug|x64 = Debug|x64
		Debug|x86 = Debug|x86
		Release|Any CPU = Release|Any CPU
		Release|ARM = Release|ARM
		Release|x64 = Release|x64
		Release|x86 = Release|x86
	EndGlobalSection
	GlobalSection(ProjectConfigurationPlatforms) = postSolution
		{1404165C-13B2-43E2-A78D-6B271EB62FC8}.Debug|Any CPU.ActiveCfg = Debug|Any CPU
		{1404165C-13B2-43E2-A78D-6B271EB62FC8}.Debug|Any CPU.Build.0 = Debug|Any CPU
		{1404165C-13B2-43E2-A78D-6B271EB62FC8}.Debug|ARM.ActiveCfg = Debug|Any CPU
		{1404165C-13B2-43E2-A78D-6B271EB62FC8}.Debug|ARM.Build.0 = Debug|Any CPU
		{1404165C-13B2-43E2-A78D-6B271EB62FC8}.Debug|x64.ActiveCfg = Debug|Any CPU
		{1404165C-13B2-43E2-A78D-6B271EB62FC8}.Debug|x64.Build.0 = Debug|Any CPU
		{1404165C-13B2-43E2-A78D-6B271EB62FC8}.Debug|x86.ActiveCfg = Debug|Any CPU
		{1404165C-13B2-43E2-A78D-6B271EB62FC8}.Debug|x86.Build.0 = Debug|Any CPU
		{1404165C-13B2-43E2-A78D-6B271EB62FC8}.Release|Any CPU.ActiveCfg = Release|Any CPU
		{1404165C-13B2-43E2-A78D-6B271EB62FC8}.Release|Any CPU.Build.0 = Release|Any CPU
		{1404165C-13B2-43E2-A78D-6B271EB62FC8}.Release|ARM.ActiveCfg = Release|Any CPU
		{1404165C-13B2-43E2-A78D-6B271EB62FC8}.Release|ARM.Build.0 = Release|Any CPU
		{1404165C-13B2-43E2-A78D-6B271EB62FC8}.Release|x64.ActiveCfg = Release|Any CPU
		{1404165C-13B2-43E2-A78D-6B271EB62FC8}.Release|x64.Build.0 = Release|Any CPU
		{1404165C-13B2-43E2-A78D-6B271EB62FC8}.Release|x86.ActiveCfg = Release|Any CPU
		{1404165C-13B2-43E2-A78D-6B271EB62FC8}.Release|x86.Build.0 = Release|Any CPU
		{F69FD39E-F710-4C37-A1E0-84B02B5C64CB}.Debug|Any CPU.ActiveCfg = Debug|Any CPU
		{F69FD39E-F710-4C37-A1E0-84B02B5C64CB}.Debug|Any CPU.Build.0 = Debug|Any CPU
		{F69FD39E-F710-4C37-A1E0-84B02B5C64CB}.Debug|ARM.ActiveCfg = Debug|Any CPU
		{F69FD39E-F710-4C37-A1E0-84B02B5C64CB}.Debug|ARM.Build.0 = Debug|Any CPU
		{F69FD39E-F710-4C37-A1E0-84B02B5C64CB}.Debug|x64.ActiveCfg = Debug|Any CPU
		{F69FD39E-F710-4C37-A1E0-84B02B5C64CB}.Debug|x64.Build.0 = Debug|Any CPU
		{F69FD39E-F710-4C37-A1E0-84B02B5C64CB}.Debug|x86.ActiveCfg = Debug|Any CPU
		{F69FD39E-F710-4C37-A1E0-84B02B5C64CB}.Debug|x86.Build.0 = Debug|Any CPU
		{F69FD39E-F710-4C37-A1E0-84B02B5C64CB}.Release|Any CPU.ActiveCfg = Release|Any CPU
		{F69FD39E-F710-4C37-A1E0-84B02B5C64CB}.Release|Any CPU.Build.0 = Release|Any CPU
		{F69FD39E-F710-4C37-A1E0-84B02B5C64CB}.Release|ARM.ActiveCfg = Release|Any CPU
		{F69FD39E-F710-4C37-A1E0-84B02B5C64CB}.Release|ARM.Build.0 = Release|Any CPU
		{F69FD39E-F710-4C37-A1E0-84B02B5C64CB}.Release|x64.ActiveCfg = Release|Any CPU
		{F69FD39E-F710-4C37-A1E0-84B02B5C64CB}.Release|x64.Build.0 = Release|Any CPU
		{F69FD39E-F710-4C37-A1E0-84B02B5C64CB}.Release|x86.ActiveCfg = Release|Any CPU
		{F69FD39E-F710-4C37-A1E0-84B02B5C64CB}.Release|x86.Build.0 = Release|Any CPU
		{76150B64-C200-4893-8375-479E377389CC}.Debug|Any CPU.ActiveCfg = Debug|Any CPU
		{76150B64-C200-4893-8375-479E377389CC}.Debug|Any CPU.Build.0 = Debug|Any CPU
		{76150B64-C200-4893-8375-479E377389CC}.Debug|ARM.ActiveCfg = Debug|Any CPU
		{76150B64-C200-4893-8375-479E377389CC}.Debug|ARM.Build.0 = Debug|Any CPU
		{76150B64-C200-4893-8375-479E377389CC}.Debug|x64.ActiveCfg = Debug|Any CPU
		{76150B64-C200-4893-8375-479E377389CC}.Debug|x64.Build.0 = Debug|Any CPU
		{76150B64-C200-4893-8375-479E377389CC}.Debug|x86.ActiveCfg = Debug|Any CPU
		{76150B64-C200-4893-8375-479E377389CC}.Debug|x86.Build.0 = Debug|Any CPU
		{76150B64-C200-4893-8375-479E377389CC}.Release|Any CPU.ActiveCfg = Release|Any CPU
		{76150B64-C200-4893-8375-479E377389CC}.Release|Any CPU.Build.0 = Release|Any CPU
		{76150B64-C200-4893-8375-479E377389CC}.Release|ARM.ActiveCfg = Release|Any CPU
		{76150B64-C200-4893-8375-479E377389CC}.Release|ARM.Build.0 = Release|Any CPU
		{76150B64-C200-4893-8375-479E377389CC}.Release|x64.ActiveCfg = Release|Any CPU
		{76150B64-C200-4893-8375-479E377389CC}.Release|x64.Build.0 = Release|Any CPU
		{76150B64-C200-4893-8375-479E377389CC}.Release|x86.ActiveCfg = Release|Any CPU
		{76150B64-C200-4893-8375-479E377389CC}.Release|x86.Build.0 = Release|Any CPU
		{3B180912-ED04-42FE-A882-3E997038A063}.Debug|Any CPU.ActiveCfg = Debug|Any CPU
		{3B180912-ED04-42FE-A882-3E997038A063}.Debug|Any CPU.Build.0 = Debug|Any CPU
		{3B180912-ED04-42FE-A882-3E997038A063}.Debug|ARM.ActiveCfg = Debug|Any CPU
		{3B180912-ED04-42FE-A882-3E997038A063}.Debug|ARM.Build.0 = Debug|Any CPU
		{3B180912-ED04-42FE-A882-3E997038A063}.Debug|x64.ActiveCfg = Debug|Any CPU
		{3B180912-ED04-42FE-A882-3E997038A063}.Debug|x64.Build.0 = Debug|Any CPU
		{3B180912-ED04-42FE-A882-3E997038A063}.Debug|x86.ActiveCfg = Debug|Any CPU
		{3B180912-ED04-42FE-A882-3E997038A063}.Debug|x86.Build.0 = Debug|Any CPU
		{3B180912-ED04-42FE-A882-3E997038A063}.Release|Any CPU.ActiveCfg = Release|Any CPU
		{3B180912-ED04-42FE-A882-3E997038A063}.Release|Any CPU.Build.0 = Release|Any CPU
		{3B180912-ED04-42FE-A882-3E997038A063}.Release|ARM.ActiveCfg = Release|Any CPU
		{3B180912-ED04-42FE-A882-3E997038A063}.Release|ARM.Build.0 = Release|Any CPU
		{3B180912-ED04-42FE-A882-3E997038A063}.Release|x64.ActiveCfg = Release|Any CPU
		{3B180912-ED04-42FE-A882-3E997038A063}.Release|x64.Build.0 = Release|Any CPU
		{3B180912-ED04-42FE-A882-3E997038A063}.Release|x86.ActiveCfg = Release|Any CPU
		{3B180912-ED04-42FE-A882-3E997038A063}.Release|x86.Build.0 = Release|Any CPU
		{7148A22D-121B-4CB4-A68E-5E0A8BBCCBC9}.Debug|Any CPU.ActiveCfg = Debug|Any CPU
		{7148A22D-121B-4CB4-A68E-5E0A8BBCCBC9}.Debug|Any CPU.Build.0 = Debug|Any CPU
		{7148A22D-121B-4CB4-A68E-5E0A8BBCCBC9}.Debug|ARM.ActiveCfg = Debug|Any CPU
		{7148A22D-121B-4CB4-A68E-5E0A8BBCCBC9}.Debug|ARM.Build.0 = Debug|Any CPU
		{7148A22D-121B-4CB4-A68E-5E0A8BBCCBC9}.Debug|x64.ActiveCfg = Debug|Any CPU
		{7148A22D-121B-4CB4-A68E-5E0A8BBCCBC9}.Debug|x64.Build.0 = Debug|Any CPU
		{7148A22D-121B-4CB4-A68E-5E0A8BBCCBC9}.Debug|x86.ActiveCfg = Debug|Any CPU
		{7148A22D-121B-4CB4-A68E-5E0A8BBCCBC9}.Debug|x86.Build.0 = Debug|Any CPU
		{7148A22D-121B-4CB4-A68E-5E0A8BBCCBC9}.Release|Any CPU.ActiveCfg = Release|Any CPU
		{7148A22D-121B-4CB4-A68E-5E0A8BBCCBC9}.Release|Any CPU.Build.0 = Release|Any CPU
		{7148A22D-121B-4CB4-A68E-5E0A8BBCCBC9}.Release|ARM.ActiveCfg = Release|Any CPU
		{7148A22D-121B-4CB4-A68E-5E0A8BBCCBC9}.Release|ARM.Build.0 = Release|Any CPU
		{7148A22D-121B-4CB4-A68E-5E0A8BBCCBC9}.Release|x64.ActiveCfg = Release|Any CPU
		{7148A22D-121B-4CB4-A68E-5E0A8BBCCBC9}.Release|x64.Build.0 = Release|Any CPU
		{7148A22D-121B-4CB4-A68E-5E0A8BBCCBC9}.Release|x86.ActiveCfg = Release|Any CPU
		{7148A22D-121B-4CB4-A68E-5E0A8BBCCBC9}.Release|x86.Build.0 = Release|Any CPU
	EndGlobalSection
	GlobalSection(SolutionProperties) = preSolution
		HideSolutionNode = FALSE
	EndGlobalSection
	GlobalSection(NestedProjects) = preSolution
		{1404165C-13B2-43E2-A78D-6B271EB62FC8} = {008F5231-8623-4F69-88A6-45E858187BC4}
		{76150B64-C200-4893-8375-479E377389CC} = {008F5231-8623-4F69-88A6-45E858187BC4}
		{3B180912-ED04-42FE-A882-3E997038A063} = {008F5231-8623-4F69-88A6-45E858187BC4}
	EndGlobalSection
	GlobalSection(ExtensibilityGlobals) = postSolution
		SolutionGuid = {0768D221-78A3-4008-968F-3A4D4E43A7D8}
	EndGlobalSection
EndGlobal
