
Microsoft Visual Studio Solution File, Format Version 12.00
# Visual Studio 15
VisualStudioVersion = 15.0.27004.2009
MinimumVisualStudioVersion = 10.0.40219.1
Project("{9A19103F-16F7-4668-BE54-9A1E7A4F7556}") = "LightBDD.Core", "..\src\LightBDD.Core\LightBDD.Core.csproj", "{1404165C-13B2-43E2-A78D-6B271EB62FC8}"
EndProject
Project("{9A19103F-16F7-4668-BE54-9A1E7A4F7556}") = "LightBDD.MsTest2", "..\src\LightBDD.MsTest2\LightBDD.MsTest2.csproj", "{CBD1B3D9-4B77-4B21-9C3A-7E3A9FB3D780}"
EndProject
Project("{9A19103F-16F7-4668-BE54-9A1E7A4F7556}") = "LightBDD.NUnit3", "..\src\LightBDD.NUnit3\LightBDD.NUnit3.csproj", "{EE206E44-4393-45E5-8C8F-331348128E09}"
EndProject
Project("{9A19103F-16F7-4668-BE54-9A1E7A4F7556}") = "LightBDD.XUnit2", "..\src\LightBDD.XUnit2\LightBDD.XUnit2.csproj", "{E270ECD0-B309-4CF5-AF1A-67A7A2F44C65}"
EndProject
Project("{9A19103F-16F7-4668-BE54-9A1E7A4F7556}") = "Example.Domain", "Example.Domain\Example.Domain.csproj", "{F69FD39E-F710-4C37-A1E0-84B02B5C64CB}"
EndProject
Project("{9A19103F-16F7-4668-BE54-9A1E7A4F7556}") = "Example.LightBDD.MsTest2", "Example.LightBDD.MsTest2\Example.LightBDD.MsTest2.csproj", "{0617D510-15E8-4665-B4FF-A07CD38E5F25}"
EndProject
Project("{9A19103F-16F7-4668-BE54-9A1E7A4F7556}") = "Example.LightBDD.NUnit3", "Example.LightBDD.NUnit3\Example.LightBDD.NUnit3.csproj", "{1EADD5AD-ECC1-4755-8DAF-C3B747B7F385}"
EndProject
Project("{9A19103F-16F7-4668-BE54-9A1E7A4F7556}") = "Example.LightBDD.XUnit2", "Example.LightBDD.XUnit2\Example.LightBDD.XUnit2.csproj", "{7B0B7668-FC01-417F-AB48-6B0C00976EB8}"
EndProject
Project("{9A19103F-16F7-4668-BE54-9A1E7A4F7556}") = "LightBDD.Framework", "..\src\LightBDD.Framework\LightBDD.Framework.csproj", "{76150B64-C200-4893-8375-479E377389CC}"
EndProject
Project("{9A19103F-16F7-4668-BE54-9A1E7A4F7556}") = "LightBDD.NUnit2", "..\src\LightBDD.NUnit2\LightBDD.NUnit2.csproj", "{46143709-9004-4FB2-9179-9A7ED9BF2992}"
EndProject
Project("{9A19103F-16F7-4668-BE54-9A1E7A4F7556}") = "Example.LightBDD.NUnit2", "Example.LightBDD.NUnit2\Example.LightBDD.NUnit2.csproj", "{A160FFD6-0AF8-4B6B-9E96-45F06A08CFD2}"
EndProject
Project("{FAE04EC0-301F-11D3-BF4B-00C04F79EFBC}") = "Example.LightBDD.MsTest2.UWP", "Example.LightBDD.MsTest2.UWP\Example.LightBDD.MsTest2.UWP.csproj", "{C78B34DF-5DC2-4EE7-91D0-4C474B49FBB1}"
	ProjectSection(ProjectDependencies) = postProject
		{F69FD39E-F710-4C37-A1E0-84B02B5C64CB} = {F69FD39E-F710-4C37-A1E0-84B02B5C64CB}
		{CBD1B3D9-4B77-4B21-9C3A-7E3A9FB3D780} = {CBD1B3D9-4B77-4B21-9C3A-7E3A9FB3D780}
	EndProjectSection
EndProject
Project("{9A19103F-16F7-4668-BE54-9A1E7A4F7556}") = "LightBDD.Fixie2", "..\src\LightBDD.Fixie2\LightBDD.Fixie2.csproj", "{45E7A430-2F62-4C9A-9CDC-A4D1A2264123}"
EndProject
Project("{9A19103F-16F7-4668-BE54-9A1E7A4F7556}") = "Example.LightBDD.Fixie2", "Example.LightBDD.Fixie2\Example.LightBDD.Fixie2.csproj", "{2CC0F148-2994-412B-B730-81016E339702}"
EndProject
Project("{9A19103F-16F7-4668-BE54-9A1E7A4F7556}") = "LightBDD.Autofac", "..\src\LightBDD.Autofac\LightBDD.Autofac.csproj", "{BA30A12E-C25B-47DF-9761-C3D752C59D3A}"
EndProject
Project("{9A19103F-16F7-4668-BE54-9A1E7A4F7556}") = "LightBDD.Extensions.DependencyInjection", "..\src\LightBDD.Extensions.DependencyInjection\LightBDD.Extensions.DependencyInjection.csproj", "{9BA3AECB-F606-4250-A1C3-D50E5AB53154}"
EndProject
Project("{2150E333-8FDC-42A3-9474-1A3956D46DE8}") = "DI", "DI", "{82B10F43-3A68-401C-99AB-515D409F6CD3}"
EndProject
Project("{2150E333-8FDC-42A3-9474-1A3956D46DE8}") = "Integrations", "Integrations", "{527D4497-4F9D-474C-93C7-773D6D48FCF3}"
EndProject
Project("{2150E333-8FDC-42A3-9474-1A3956D46DE8}") = "src", "src", "{008F5231-8623-4F69-88A6-45E858187BC4}"
EndProject
Global
	GlobalSection(SolutionConfigurationPlatforms) = preSolution
		Debug|Any CPU = Debug|Any CPU
		Debug|ARM = Debug|ARM
		Debug|x64 = Debug|x64
		Debug|x86 = Debug|x86
		Release|Any CPU = Release|Any CPU
		Release|ARM = Release|ARM
		Release|x64 = Release|x64
		Release|x86 = Release|x86
	EndGlobalSection
	GlobalSection(ProjectConfigurationPlatforms) = postSolution
		{1404165C-13B2-43E2-A78D-6B271EB62FC8}.Debug|Any CPU.ActiveCfg = Debug|Any CPU
		{1404165C-13B2-43E2-A78D-6B271EB62FC8}.Debug|Any CPU.Build.0 = Debug|Any CPU
		{1404165C-13B2-43E2-A78D-6B271EB62FC8}.Debug|ARM.ActiveCfg = Debug|Any CPU
		{1404165C-13B2-43E2-A78D-6B271EB62FC8}.Debug|ARM.Build.0 = Debug|Any CPU
		{1404165C-13B2-43E2-A78D-6B271EB62FC8}.Debug|x64.ActiveCfg = Debug|Any CPU
		{1404165C-13B2-43E2-A78D-6B271EB62FC8}.Debug|x64.Build.0 = Debug|Any CPU
		{1404165C-13B2-43E2-A78D-6B271EB62FC8}.Debug|x86.ActiveCfg = Debug|Any CPU
		{1404165C-13B2-43E2-A78D-6B271EB62FC8}.Debug|x86.Build.0 = Debug|Any CPU
		{1404165C-13B2-43E2-A78D-6B271EB62FC8}.Release|Any CPU.ActiveCfg = Release|Any CPU
		{1404165C-13B2-43E2-A78D-6B271EB62FC8}.Release|Any CPU.Build.0 = Release|Any CPU
		{1404165C-13B2-43E2-A78D-6B271EB62FC8}.Release|ARM.ActiveCfg = Release|Any CPU
		{1404165C-13B2-43E2-A78D-6B271EB62FC8}.Release|ARM.Build.0 = Release|Any CPU
		{1404165C-13B2-43E2-A78D-6B271EB62FC8}.Release|x64.ActiveCfg = Release|Any CPU
		{1404165C-13B2-43E2-A78D-6B271EB62FC8}.Release|x64.Build.0 = Release|Any CPU
		{1404165C-13B2-43E2-A78D-6B271EB62FC8}.Release|x86.ActiveCfg = Release|Any CPU
		{1404165C-13B2-43E2-A78D-6B271EB62FC8}.Release|x86.Build.0 = Release|Any CPU
		{CBD1B3D9-4B77-4B21-9C3A-7E3A9FB3D780}.Debug|Any CPU.ActiveCfg = Debug|Any CPU
		{CBD1B3D9-4B77-4B21-9C3A-7E3A9FB3D780}.Debug|Any CPU.Build.0 = Debug|Any CPU
		{CBD1B3D9-4B77-4B21-9C3A-7E3A9FB3D780}.Debug|ARM.ActiveCfg = Debug|Any CPU
		{CBD1B3D9-4B77-4B21-9C3A-7E3A9FB3D780}.Debug|ARM.Build.0 = Debug|Any CPU
		{CBD1B3D9-4B77-4B21-9C3A-7E3A9FB3D780}.Debug|x64.ActiveCfg = Debug|Any CPU
		{CBD1B3D9-4B77-4B21-9C3A-7E3A9FB3D780}.Debug|x64.Build.0 = Debug|Any CPU
		{CBD1B3D9-4B77-4B21-9C3A-7E3A9FB3D780}.Debug|x86.ActiveCfg = Debug|Any CPU
		{CBD1B3D9-4B77-4B21-9C3A-7E3A9FB3D780}.Debug|x86.Build.0 = Debug|Any CPU
		{CBD1B3D9-4B77-4B21-9C3A-7E3A9FB3D780}.Release|Any CPU.ActiveCfg = Release|Any CPU
		{CBD1B3D9-4B77-4B21-9C3A-7E3A9FB3D780}.Release|Any CPU.Build.0 = Release|Any CPU
		{CBD1B3D9-4B77-4B21-9C3A-7E3A9FB3D780}.Release|ARM.ActiveCfg = Release|Any CPU
		{CBD1B3D9-4B77-4B21-9C3A-7E3A9FB3D780}.Release|ARM.Build.0 = Release|Any CPU
		{CBD1B3D9-4B77-4B21-9C3A-7E3A9FB3D780}.Release|x64.ActiveCfg = Release|Any CPU
		{CBD1B3D9-4B77-4B21-9C3A-7E3A9FB3D780}.Release|x64.Build.0 = Release|Any CPU
		{CBD1B3D9-4B77-4B21-9C3A-7E3A9FB3D780}.Release|x86.ActiveCfg = Release|Any CPU
		{CBD1B3D9-4B77-4B21-9C3A-7E3A9FB3D780}.Release|x86.Build.0 = Release|Any CPU
		{EE206E44-4393-45E5-8C8F-331348128E09}.Debug|Any CPU.ActiveCfg = Debug|Any CPU
		{EE206E44-4393-45E5-8C8F-331348128E09}.Debug|Any CPU.Build.0 = Debug|Any CPU
		{EE206E44-4393-45E5-8C8F-331348128E09}.Debug|ARM.ActiveCfg = Debug|Any CPU
		{EE206E44-4393-45E5-8C8F-331348128E09}.Debug|ARM.Build.0 = Debug|Any CPU
		{EE206E44-4393-45E5-8C8F-331348128E09}.Debug|x64.ActiveCfg = Debug|Any CPU
		{EE206E44-4393-45E5-8C8F-331348128E09}.Debug|x64.Build.0 = Debug|Any CPU
		{EE206E44-4393-45E5-8C8F-331348128E09}.Debug|x86.ActiveCfg = Debug|Any CPU
		{EE206E44-4393-45E5-8C8F-331348128E09}.Debug|x86.Build.0 = Debug|Any CPU
		{EE206E44-4393-45E5-8C8F-331348128E09}.Release|Any CPU.ActiveCfg = Release|Any CPU
		{EE206E44-4393-45E5-8C8F-331348128E09}.Release|Any CPU.Build.0 = Release|Any CPU
		{EE206E44-4393-45E5-8C8F-331348128E09}.Release|ARM.ActiveCfg = Release|Any CPU
		{EE206E44-4393-45E5-8C8F-331348128E09}.Release|ARM.Build.0 = Release|Any CPU
		{EE206E44-4393-45E5-8C8F-331348128E09}.Release|x64.ActiveCfg = Release|Any CPU
		{EE206E44-4393-45E5-8C8F-331348128E09}.Release|x64.Build.0 = Release|Any CPU
		{EE206E44-4393-45E5-8C8F-331348128E09}.Release|x86.ActiveCfg = Release|Any CPU
		{EE206E44-4393-45E5-8C8F-331348128E09}.Release|x86.Build.0 = Release|Any CPU
		{E270ECD0-B309-4CF5-AF1A-67A7A2F44C65}.Debug|Any CPU.ActiveCfg = Debug|Any CPU
		{E270ECD0-B309-4CF5-AF1A-67A7A2F44C65}.Debug|Any CPU.Build.0 = Debug|Any CPU
		{E270ECD0-B309-4CF5-AF1A-67A7A2F44C65}.Debug|ARM.ActiveCfg = Debug|Any CPU
		{E270ECD0-B309-4CF5-AF1A-67A7A2F44C65}.Debug|ARM.Build.0 = Debug|Any CPU
		{E270ECD0-B309-4CF5-AF1A-67A7A2F44C65}.Debug|x64.ActiveCfg = Debug|Any CPU
		{E270ECD0-B309-4CF5-AF1A-67A7A2F44C65}.Debug|x64.Build.0 = Debug|Any CPU
		{E270ECD0-B309-4CF5-AF1A-67A7A2F44C65}.Debug|x86.ActiveCfg = Debug|Any CPU
		{E270ECD0-B309-4CF5-AF1A-67A7A2F44C65}.Debug|x86.Build.0 = Debug|Any CPU
		{E270ECD0-B309-4CF5-AF1A-67A7A2F44C65}.Release|Any CPU.ActiveCfg = Release|Any CPU
		{E270ECD0-B309-4CF5-AF1A-67A7A2F44C65}.Release|Any CPU.Build.0 = Release|Any CPU
		{E270ECD0-B309-4CF5-AF1A-67A7A2F44C65}.Release|ARM.ActiveCfg = Release|Any CPU
		{E270ECD0-B309-4CF5-AF1A-67A7A2F44C65}.Release|ARM.Build.0 = Release|Any CPU
		{E270ECD0-B309-4CF5-AF1A-67A7A2F44C65}.Release|x64.ActiveCfg = Release|Any CPU
		{E270ECD0-B309-4CF5-AF1A-67A7A2F44C65}.Release|x64.Build.0 = Release|Any CPU
		{E270ECD0-B309-4CF5-AF1A-67A7A2F44C65}.Release|x86.ActiveCfg = Release|Any CPU
		{E270ECD0-B309-4CF5-AF1A-67A7A2F44C65}.Release|x86.Build.0 = Release|Any CPU
		{F69FD39E-F710-4C37-A1E0-84B02B5C64CB}.Debug|Any CPU.ActiveCfg = Debug|Any CPU
		{F69FD39E-F710-4C37-A1E0-84B02B5C64CB}.Debug|Any CPU.Build.0 = Debug|Any CPU
		{F69FD39E-F710-4C37-A1E0-84B02B5C64CB}.Debug|ARM.ActiveCfg = Debug|Any CPU
		{F69FD39E-F710-4C37-A1E0-84B02B5C64CB}.Debug|ARM.Build.0 = Debug|Any CPU
		{F69FD39E-F710-4C37-A1E0-84B02B5C64CB}.Debug|x64.ActiveCfg = Debug|Any CPU
		{F69FD39E-F710-4C37-A1E0-84B02B5C64CB}.Debug|x64.Build.0 = Debug|Any CPU
		{F69FD39E-F710-4C37-A1E0-84B02B5C64CB}.Debug|x86.ActiveCfg = Debug|Any CPU
		{F69FD39E-F710-4C37-A1E0-84B02B5C64CB}.Debug|x86.Build.0 = Debug|Any CPU
		{F69FD39E-F710-4C37-A1E0-84B02B5C64CB}.Release|Any CPU.ActiveCfg = Release|Any CPU
		{F69FD39E-F710-4C37-A1E0-84B02B5C64CB}.Release|Any CPU.Build.0 = Release|Any CPU
		{F69FD39E-F710-4C37-A1E0-84B02B5C64CB}.Release|ARM.ActiveCfg = Release|Any CPU
		{F69FD39E-F710-4C37-A1E0-84B02B5C64CB}.Release|ARM.Build.0 = Release|Any CPU
		{F69FD39E-F710-4C37-A1E0-84B02B5C64CB}.Release|x64.ActiveCfg = Release|Any CPU
		{F69FD39E-F710-4C37-A1E0-84B02B5C64CB}.Release|x64.Build.0 = Release|Any CPU
		{F69FD39E-F710-4C37-A1E0-84B02B5C64CB}.Release|x86.ActiveCfg = Release|Any CPU
		{F69FD39E-F710-4C37-A1E0-84B02B5C64CB}.Release|x86.Build.0 = Release|Any CPU
		{0617D510-15E8-4665-B4FF-A07CD38E5F25}.Debug|Any CPU.ActiveCfg = Debug|Any CPU
		{0617D510-15E8-4665-B4FF-A07CD38E5F25}.Debug|Any CPU.Build.0 = Debug|Any CPU
		{0617D510-15E8-4665-B4FF-A07CD38E5F25}.Debug|ARM.ActiveCfg = Debug|Any CPU
		{0617D510-15E8-4665-B4FF-A07CD38E5F25}.Debug|ARM.Build.0 = Debug|Any CPU
		{0617D510-15E8-4665-B4FF-A07CD38E5F25}.Debug|x64.ActiveCfg = Debug|Any CPU
		{0617D510-15E8-4665-B4FF-A07CD38E5F25}.Debug|x64.Build.0 = Debug|Any CPU
		{0617D510-15E8-4665-B4FF-A07CD38E5F25}.Debug|x86.ActiveCfg = Debug|Any CPU
		{0617D510-15E8-4665-B4FF-A07CD38E5F25}.Debug|x86.Build.0 = Debug|Any CPU
		{0617D510-15E8-4665-B4FF-A07CD38E5F25}.Release|Any CPU.ActiveCfg = Release|Any CPU
		{0617D510-15E8-4665-B4FF-A07CD38E5F25}.Release|Any CPU.Build.0 = Release|Any CPU
		{0617D510-15E8-4665-B4FF-A07CD38E5F25}.Release|ARM.ActiveCfg = Release|Any CPU
		{0617D510-15E8-4665-B4FF-A07CD38E5F25}.Release|ARM.Build.0 = Release|Any CPU
		{0617D510-15E8-4665-B4FF-A07CD38E5F25}.Release|x64.ActiveCfg = Release|Any CPU
		{0617D510-15E8-4665-B4FF-A07CD38E5F25}.Release|x64.Build.0 = Release|Any CPU
		{0617D510-15E8-4665-B4FF-A07CD38E5F25}.Release|x86.ActiveCfg = Release|Any CPU
		{0617D510-15E8-4665-B4FF-A07CD38E5F25}.Release|x86.Build.0 = Release|Any CPU
		{1EADD5AD-ECC1-4755-8DAF-C3B747B7F385}.Debug|Any CPU.ActiveCfg = Debug|Any CPU
		{1EADD5AD-ECC1-4755-8DAF-C3B747B7F385}.Debug|Any CPU.Build.0 = Debug|Any CPU
		{1EADD5AD-ECC1-4755-8DAF-C3B747B7F385}.Debug|ARM.ActiveCfg = Debug|Any CPU
		{1EADD5AD-ECC1-4755-8DAF-C3B747B7F385}.Debug|ARM.Build.0 = Debug|Any CPU
		{1EADD5AD-ECC1-4755-8DAF-C3B747B7F385}.Debug|x64.ActiveCfg = Debug|Any CPU
		{1EADD5AD-ECC1-4755-8DAF-C3B747B7F385}.Debug|x64.Build.0 = Debug|Any CPU
		{1EADD5AD-ECC1-4755-8DAF-C3B747B7F385}.Debug|x86.ActiveCfg = Debug|Any CPU
		{1EADD5AD-ECC1-4755-8DAF-C3B747B7F385}.Debug|x86.Build.0 = Debug|Any CPU
		{1EADD5AD-ECC1-4755-8DAF-C3B747B7F385}.Release|Any CPU.ActiveCfg = Release|Any CPU
		{1EADD5AD-ECC1-4755-8DAF-C3B747B7F385}.Release|Any CPU.Build.0 = Release|Any CPU
		{1EADD5AD-ECC1-4755-8DAF-C3B747B7F385}.Release|ARM.ActiveCfg = Release|Any CPU
		{1EADD5AD-ECC1-4755-8DAF-C3B747B7F385}.Release|ARM.Build.0 = Release|Any CPU
		{1EADD5AD-ECC1-4755-8DAF-C3B747B7F385}.Release|x64.ActiveCfg = Release|Any CPU
		{1EADD5AD-ECC1-4755-8DAF-C3B747B7F385}.Release|x64.Build.0 = Release|Any CPU
		{1EADD5AD-ECC1-4755-8DAF-C3B747B7F385}.Release|x86.ActiveCfg = Release|Any CPU
		{1EADD5AD-ECC1-4755-8DAF-C3B747B7F385}.Release|x86.Build.0 = Release|Any CPU
		{7B0B7668-FC01-417F-AB48-6B0C00976EB8}.Debug|Any CPU.ActiveCfg = Debug|Any CPU
		{7B0B7668-FC01-417F-AB48-6B0C00976EB8}.Debug|Any CPU.Build.0 = Debug|Any CPU
		{7B0B7668-FC01-417F-AB48-6B0C00976EB8}.Debug|ARM.ActiveCfg = Debug|Any CPU
		{7B0B7668-FC01-417F-AB48-6B0C00976EB8}.Debug|ARM.Build.0 = Debug|Any CPU
		{7B0B7668-FC01-417F-AB48-6B0C00976EB8}.Debug|x64.ActiveCfg = Debug|Any CPU
		{7B0B7668-FC01-417F-AB48-6B0C00976EB8}.Debug|x64.Build.0 = Debug|Any CPU
		{7B0B7668-FC01-417F-AB48-6B0C00976EB8}.Debug|x86.ActiveCfg = Debug|Any CPU
		{7B0B7668-FC01-417F-AB48-6B0C00976EB8}.Debug|x86.Build.0 = Debug|Any CPU
		{7B0B7668-FC01-417F-AB48-6B0C00976EB8}.Release|Any CPU.ActiveCfg = Release|Any CPU
		{7B0B7668-FC01-417F-AB48-6B0C00976EB8}.Release|Any CPU.Build.0 = Release|Any CPU
		{7B0B7668-FC01-417F-AB48-6B0C00976EB8}.Release|ARM.ActiveCfg = Release|Any CPU
		{7B0B7668-FC01-417F-AB48-6B0C00976EB8}.Release|ARM.Build.0 = Release|Any CPU
		{7B0B7668-FC01-417F-AB48-6B0C00976EB8}.Release|x64.ActiveCfg = Release|Any CPU
		{7B0B7668-FC01-417F-AB48-6B0C00976EB8}.Release|x64.Build.0 = Release|Any CPU
		{7B0B7668-FC01-417F-AB48-6B0C00976EB8}.Release|x86.ActiveCfg = Release|Any CPU
		{7B0B7668-FC01-417F-AB48-6B0C00976EB8}.Release|x86.Build.0 = Release|Any CPU
		{76150B64-C200-4893-8375-479E377389CC}.Debug|Any CPU.ActiveCfg = Debug|Any CPU
		{76150B64-C200-4893-8375-479E377389CC}.Debug|Any CPU.Build.0 = Debug|Any CPU
		{76150B64-C200-4893-8375-479E377389CC}.Debug|ARM.ActiveCfg = Debug|Any CPU
		{76150B64-C200-4893-8375-479E377389CC}.Debug|ARM.Build.0 = Debug|Any CPU
		{76150B64-C200-4893-8375-479E377389CC}.Debug|x64.ActiveCfg = Debug|Any CPU
		{76150B64-C200-4893-8375-479E377389CC}.Debug|x64.Build.0 = Debug|Any CPU
		{76150B64-C200-4893-8375-479E377389CC}.Debug|x86.ActiveCfg = Debug|Any CPU
		{76150B64-C200-4893-8375-479E377389CC}.Debug|x86.Build.0 = Debug|Any CPU
		{76150B64-C200-4893-8375-479E377389CC}.Release|Any CPU.ActiveCfg = Release|Any CPU
		{76150B64-C200-4893-8375-479E377389CC}.Release|Any CPU.Build.0 = Release|Any CPU
		{76150B64-C200-4893-8375-479E377389CC}.Release|ARM.ActiveCfg = Release|Any CPU
		{76150B64-C200-4893-8375-479E377389CC}.Release|ARM.Build.0 = Release|Any CPU
		{76150B64-C200-4893-8375-479E377389CC}.Release|x64.ActiveCfg = Release|Any CPU
		{76150B64-C200-4893-8375-479E377389CC}.Release|x64.Build.0 = Release|Any CPU
		{76150B64-C200-4893-8375-479E377389CC}.Release|x86.ActiveCfg = Release|Any CPU
		{76150B64-C200-4893-8375-479E377389CC}.Release|x86.Build.0 = Release|Any CPU
		{46143709-9004-4FB2-9179-9A7ED9BF2992}.Debug|Any CPU.ActiveCfg = Debug|Any CPU
		{46143709-9004-4FB2-9179-9A7ED9BF2992}.Debug|Any CPU.Build.0 = Debug|Any CPU
		{46143709-9004-4FB2-9179-9A7ED9BF2992}.Debug|ARM.ActiveCfg = Debug|Any CPU
		{46143709-9004-4FB2-9179-9A7ED9BF2992}.Debug|ARM.Build.0 = Debug|Any CPU
		{46143709-9004-4FB2-9179-9A7ED9BF2992}.Debug|x64.ActiveCfg = Debug|Any CPU
		{46143709-9004-4FB2-9179-9A7ED9BF2992}.Debug|x64.Build.0 = Debug|Any CPU
		{46143709-9004-4FB2-9179-9A7ED9BF2992}.Debug|x86.ActiveCfg = Debug|Any CPU
		{46143709-9004-4FB2-9179-9A7ED9BF2992}.Debug|x86.Build.0 = Debug|Any CPU
		{46143709-9004-4FB2-9179-9A7ED9BF2992}.Release|Any CPU.ActiveCfg = Release|Any CPU
		{46143709-9004-4FB2-9179-9A7ED9BF2992}.Release|Any CPU.Build.0 = Release|Any CPU
		{46143709-9004-4FB2-9179-9A7ED9BF2992}.Release|ARM.ActiveCfg = Release|Any CPU
		{46143709-9004-4FB2-9179-9A7ED9BF2992}.Release|ARM.Build.0 = Release|Any CPU
		{46143709-9004-4FB2-9179-9A7ED9BF2992}.Release|x64.ActiveCfg = Release|Any CPU
		{46143709-9004-4FB2-9179-9A7ED9BF2992}.Release|x64.Build.0 = Release|Any CPU
		{46143709-9004-4FB2-9179-9A7ED9BF2992}.Release|x86.ActiveCfg = Release|Any CPU
		{46143709-9004-4FB2-9179-9A7ED9BF2992}.Release|x86.Build.0 = Release|Any CPU
		{A160FFD6-0AF8-4B6B-9E96-45F06A08CFD2}.Debug|Any CPU.ActiveCfg = Debug|Any CPU
		{A160FFD6-0AF8-4B6B-9E96-45F06A08CFD2}.Debug|Any CPU.Build.0 = Debug|Any CPU
		{A160FFD6-0AF8-4B6B-9E96-45F06A08CFD2}.Debug|ARM.ActiveCfg = Debug|Any CPU
		{A160FFD6-0AF8-4B6B-9E96-45F06A08CFD2}.Debug|ARM.Build.0 = Debug|Any CPU
		{A160FFD6-0AF8-4B6B-9E96-45F06A08CFD2}.Debug|x64.ActiveCfg = Debug|Any CPU
		{A160FFD6-0AF8-4B6B-9E96-45F06A08CFD2}.Debug|x64.Build.0 = Debug|Any CPU
		{A160FFD6-0AF8-4B6B-9E96-45F06A08CFD2}.Debug|x86.ActiveCfg = Debug|Any CPU
		{A160FFD6-0AF8-4B6B-9E96-45F06A08CFD2}.Debug|x86.Build.0 = Debug|Any CPU
		{A160FFD6-0AF8-4B6B-9E96-45F06A08CFD2}.Release|Any CPU.ActiveCfg = Release|Any CPU
		{A160FFD6-0AF8-4B6B-9E96-45F06A08CFD2}.Release|Any CPU.Build.0 = Release|Any CPU
		{A160FFD6-0AF8-4B6B-9E96-45F06A08CFD2}.Release|ARM.ActiveCfg = Release|Any CPU
		{A160FFD6-0AF8-4B6B-9E96-45F06A08CFD2}.Release|ARM.Build.0 = Release|Any CPU
		{A160FFD6-0AF8-4B6B-9E96-45F06A08CFD2}.Release|x64.ActiveCfg = Release|Any CPU
		{A160FFD6-0AF8-4B6B-9E96-45F06A08CFD2}.Release|x64.Build.0 = Release|Any CPU
		{A160FFD6-0AF8-4B6B-9E96-45F06A08CFD2}.Release|x86.ActiveCfg = Release|Any CPU
		{A160FFD6-0AF8-4B6B-9E96-45F06A08CFD2}.Release|x86.Build.0 = Release|Any CPU
		{C78B34DF-5DC2-4EE7-91D0-4C474B49FBB1}.Debug|Any CPU.ActiveCfg = Debug|x86
		{C78B34DF-5DC2-4EE7-91D0-4C474B49FBB1}.Debug|Any CPU.Build.0 = Debug|x86
		{C78B34DF-5DC2-4EE7-91D0-4C474B49FBB1}.Debug|ARM.ActiveCfg = Debug|ARM
		{C78B34DF-5DC2-4EE7-91D0-4C474B49FBB1}.Debug|ARM.Build.0 = Debug|ARM
		{C78B34DF-5DC2-4EE7-91D0-4C474B49FBB1}.Debug|ARM.Deploy.0 = Debug|ARM
		{C78B34DF-5DC2-4EE7-91D0-4C474B49FBB1}.Debug|x64.ActiveCfg = Debug|x64
		{C78B34DF-5DC2-4EE7-91D0-4C474B49FBB1}.Debug|x64.Build.0 = Debug|x64
		{C78B34DF-5DC2-4EE7-91D0-4C474B49FBB1}.Debug|x64.Deploy.0 = Debug|x64
		{C78B34DF-5DC2-4EE7-91D0-4C474B49FBB1}.Debug|x86.ActiveCfg = Debug|x86
		{C78B34DF-5DC2-4EE7-91D0-4C474B49FBB1}.Debug|x86.Build.0 = Debug|x86
		{C78B34DF-5DC2-4EE7-91D0-4C474B49FBB1}.Debug|x86.Deploy.0 = Debug|x86
		{C78B34DF-5DC2-4EE7-91D0-4C474B49FBB1}.Release|Any CPU.ActiveCfg = Release|x86
		{C78B34DF-5DC2-4EE7-91D0-4C474B49FBB1}.Release|ARM.ActiveCfg = Release|ARM
		{C78B34DF-5DC2-4EE7-91D0-4C474B49FBB1}.Release|ARM.Build.0 = Release|ARM
		{C78B34DF-5DC2-4EE7-91D0-4C474B49FBB1}.Release|ARM.Deploy.0 = Release|ARM
		{C78B34DF-5DC2-4EE7-91D0-4C474B49FBB1}.Release|x64.ActiveCfg = Release|x64
		{C78B34DF-5DC2-4EE7-91D0-4C474B49FBB1}.Release|x64.Build.0 = Release|x64
		{C78B34DF-5DC2-4EE7-91D0-4C474B49FBB1}.Release|x64.Deploy.0 = Release|x64
		{C78B34DF-5DC2-4EE7-91D0-4C474B49FBB1}.Release|x86.ActiveCfg = Release|x86
		{C78B34DF-5DC2-4EE7-91D0-4C474B49FBB1}.Release|x86.Build.0 = Release|x86
		{C78B34DF-5DC2-4EE7-91D0-4C474B49FBB1}.Release|x86.Deploy.0 = Release|x86
		{45E7A430-2F62-4C9A-9CDC-A4D1A2264123}.Debug|Any CPU.ActiveCfg = Debug|Any CPU
		{45E7A430-2F62-4C9A-9CDC-A4D1A2264123}.Debug|Any CPU.Build.0 = Debug|Any CPU
		{45E7A430-2F62-4C9A-9CDC-A4D1A2264123}.Debug|ARM.ActiveCfg = Debug|Any CPU
		{45E7A430-2F62-4C9A-9CDC-A4D1A2264123}.Debug|ARM.Build.0 = Debug|Any CPU
		{45E7A430-2F62-4C9A-9CDC-A4D1A2264123}.Debug|x64.ActiveCfg = Debug|Any CPU
		{45E7A430-2F62-4C9A-9CDC-A4D1A2264123}.Debug|x64.Build.0 = Debug|Any CPU
		{45E7A430-2F62-4C9A-9CDC-A4D1A2264123}.Debug|x86.ActiveCfg = Debug|Any CPU
		{45E7A430-2F62-4C9A-9CDC-A4D1A2264123}.Debug|x86.Build.0 = Debug|Any CPU
		{45E7A430-2F62-4C9A-9CDC-A4D1A2264123}.Release|Any CPU.ActiveCfg = Release|Any CPU
		{45E7A430-2F62-4C9A-9CDC-A4D1A2264123}.Release|Any CPU.Build.0 = Release|Any CPU
		{45E7A430-2F62-4C9A-9CDC-A4D1A2264123}.Release|ARM.ActiveCfg = Release|Any CPU
		{45E7A430-2F62-4C9A-9CDC-A4D1A2264123}.Release|ARM.Build.0 = Release|Any CPU
		{45E7A430-2F62-4C9A-9CDC-A4D1A2264123}.Release|x64.ActiveCfg = Release|Any CPU
		{45E7A430-2F62-4C9A-9CDC-A4D1A2264123}.Release|x64.Build.0 = Release|Any CPU
		{45E7A430-2F62-4C9A-9CDC-A4D1A2264123}.Release|x86.ActiveCfg = Release|Any CPU
		{45E7A430-2F62-4C9A-9CDC-A4D1A2264123}.Release|x86.Build.0 = Release|Any CPU
		{2CC0F148-2994-412B-B730-81016E339702}.Debug|Any CPU.ActiveCfg = Debug|Any CPU
		{2CC0F148-2994-412B-B730-81016E339702}.Debug|Any CPU.Build.0 = Debug|Any CPU
		{2CC0F148-2994-412B-B730-81016E339702}.Debug|ARM.ActiveCfg = Debug|Any CPU
		{2CC0F148-2994-412B-B730-81016E339702}.Debug|ARM.Build.0 = Debug|Any CPU
		{2CC0F148-2994-412B-B730-81016E339702}.Debug|x64.ActiveCfg = Debug|Any CPU
		{2CC0F148-2994-412B-B730-81016E339702}.Debug|x64.Build.0 = Debug|Any CPU
		{2CC0F148-2994-412B-B730-81016E339702}.Debug|x86.ActiveCfg = Debug|Any CPU
		{2CC0F148-2994-412B-B730-81016E339702}.Debug|x86.Build.0 = Debug|Any CPU
		{2CC0F148-2994-412B-B730-81016E339702}.Release|Any CPU.ActiveCfg = Release|Any CPU
		{2CC0F148-2994-412B-B730-81016E339702}.Release|Any CPU.Build.0 = Release|Any CPU
		{2CC0F148-2994-412B-B730-81016E339702}.Release|ARM.ActiveCfg = Release|Any CPU
		{2CC0F148-2994-412B-B730-81016E339702}.Release|ARM.Build.0 = Release|Any CPU
		{2CC0F148-2994-412B-B730-81016E339702}.Release|x64.ActiveCfg = Release|Any CPU
		{2CC0F148-2994-412B-B730-81016E339702}.Release|x64.Build.0 = Release|Any CPU
		{2CC0F148-2994-412B-B730-81016E339702}.Release|x86.ActiveCfg = Release|Any CPU
		{2CC0F148-2994-412B-B730-81016E339702}.Release|x86.Build.0 = Release|Any CPU
		{BA30A12E-C25B-47DF-9761-C3D752C59D3A}.Debug|Any CPU.ActiveCfg = Debug|Any CPU
		{BA30A12E-C25B-47DF-9761-C3D752C59D3A}.Debug|Any CPU.Build.0 = Debug|Any CPU
		{BA30A12E-C25B-47DF-9761-C3D752C59D3A}.Debug|ARM.ActiveCfg = Debug|Any CPU
		{BA30A12E-C25B-47DF-9761-C3D752C59D3A}.Debug|ARM.Build.0 = Debug|Any CPU
		{BA30A12E-C25B-47DF-9761-C3D752C59D3A}.Debug|x64.ActiveCfg = Debug|Any CPU
		{BA30A12E-C25B-47DF-9761-C3D752C59D3A}.Debug|x64.Build.0 = Debug|Any CPU
		{BA30A12E-C25B-47DF-9761-C3D752C59D3A}.Debug|x86.ActiveCfg = Debug|Any CPU
		{BA30A12E-C25B-47DF-9761-C3D752C59D3A}.Debug|x86.Build.0 = Debug|Any CPU
		{BA30A12E-C25B-47DF-9761-C3D752C59D3A}.Release|Any CPU.ActiveCfg = Release|Any CPU
		{BA30A12E-C25B-47DF-9761-C3D752C59D3A}.Release|Any CPU.Build.0 = Release|Any CPU
		{BA30A12E-C25B-47DF-9761-C3D752C59D3A}.Release|ARM.ActiveCfg = Release|Any CPU
		{BA30A12E-C25B-47DF-9761-C3D752C59D3A}.Release|ARM.Build.0 = Release|Any CPU
		{BA30A12E-C25B-47DF-9761-C3D752C59D3A}.Release|x64.ActiveCfg = Release|Any CPU
		{BA30A12E-C25B-47DF-9761-C3D752C59D3A}.Release|x64.Build.0 = Release|Any CPU
		{BA30A12E-C25B-47DF-9761-C3D752C59D3A}.Release|x86.ActiveCfg = Release|Any CPU
		{BA30A12E-C25B-47DF-9761-C3D752C59D3A}.Release|x86.Build.0 = Release|Any CPU
		{9BA3AECB-F606-4250-A1C3-D50E5AB53154}.Debug|Any CPU.ActiveCfg = Debug|Any CPU
		{9BA3AECB-F606-4250-A1C3-D50E5AB53154}.Debug|Any CPU.Build.0 = Debug|Any CPU
		{9BA3AECB-F606-4250-A1C3-D50E5AB53154}.Debug|ARM.ActiveCfg = Debug|Any CPU
		{9BA3AECB-F606-4250-A1C3-D50E5AB53154}.Debug|ARM.Build.0 = Debug|Any CPU
		{9BA3AECB-F606-4250-A1C3-D50E5AB53154}.Debug|x64.ActiveCfg = Debug|Any CPU
		{9BA3AECB-F606-4250-A1C3-D50E5AB53154}.Debug|x64.Build.0 = Debug|Any CPU
		{9BA3AECB-F606-4250-A1C3-D50E5AB53154}.Debug|x86.ActiveCfg = Debug|Any CPU
		{9BA3AECB-F606-4250-A1C3-D50E5AB53154}.Debug|x86.Build.0 = Debug|Any CPU
		{9BA3AECB-F606-4250-A1C3-D50E5AB53154}.Release|Any CPU.ActiveCfg = Release|Any CPU
		{9BA3AECB-F606-4250-A1C3-D50E5AB53154}.Release|Any CPU.Build.0 = Release|Any CPU
		{9BA3AECB-F606-4250-A1C3-D50E5AB53154}.Release|ARM.ActiveCfg = Release|Any CPU
		{9BA3AECB-F606-4250-A1C3-D50E5AB53154}.Release|ARM.Build.0 = Release|Any CPU
		{9BA3AECB-F606-4250-A1C3-D50E5AB53154}.Release|x64.ActiveCfg = Release|Any CPU
		{9BA3AECB-F606-4250-A1C3-D50E5AB53154}.Release|x64.Build.0 = Release|Any CPU
		{9BA3AECB-F606-4250-A1C3-D50E5AB53154}.Release|x86.ActiveCfg = Release|Any CPU
		{9BA3AECB-F606-4250-A1C3-D50E5AB53154}.Release|x86.Build.0 = Release|Any CPU
	EndGlobalSection
	GlobalSection(SolutionProperties) = preSolution
		HideSolutionNode = FALSE
	EndGlobalSection
	GlobalSection(NestedProjects) = preSolution
		{1404165C-13B2-43E2-A78D-6B271EB62FC8} = {008F5231-8623-4F69-88A6-45E858187BC4}
		{CBD1B3D9-4B77-4B21-9C3A-7E3A9FB3D780} = {527D4497-4F9D-474C-93C7-773D6D48FCF3}
		{EE206E44-4393-45E5-8C8F-331348128E09} = {527D4497-4F9D-474C-93C7-773D6D48FCF3}
		{E270ECD0-B309-4CF5-AF1A-67A7A2F44C65} = {527D4497-4F9D-474C-93C7-773D6D48FCF3}
		{76150B64-C200-4893-8375-479E377389CC} = {008F5231-8623-4F69-88A6-45E858187BC4}
		{46143709-9004-4FB2-9179-9A7ED9BF2992} = {527D4497-4F9D-474C-93C7-773D6D48FCF3}
		{45E7A430-2F62-4C9A-9CDC-A4D1A2264123} = {527D4497-4F9D-474C-93C7-773D6D48FCF3}
		{BA30A12E-C25B-47DF-9761-C3D752C59D3A} = {82B10F43-3A68-401C-99AB-515D409F6CD3}
		{9BA3AECB-F606-4250-A1C3-D50E5AB53154} = {82B10F43-3A68-401C-99AB-515D409F6CD3}
		{82B10F43-3A68-401C-99AB-515D409F6CD3} = {008F5231-8623-4F69-88A6-45E858187BC4}
		{527D4497-4F9D-474C-93C7-773D6D48FCF3} = {008F5231-8623-4F69-88A6-45E858187BC4}
	EndGlobalSection
	GlobalSection(ExtensibilityGlobals) = postSolution
		SolutionGuid = {0768D221-78A3-4008-968F-3A4D4E43A7D8}
	EndGlobalSection
EndGlobal
