
Microsoft Visual Studio Solution File, Format Version 12.00
# Visual Studio 15
VisualStudioVersion = 15.0.26403.7
MinimumVisualStudioVersion = 10.0.40219.1
Project("{2150E333-8FDC-42A3-9474-1A3956D46DE8}") = "templates", "templates", "{B150E26B-0134-45FE-B9DC-13893C360E7C}"
EndProject
Project("{2150E333-8FDC-42A3-9474-1A3956D46DE8}") = "ItemTemplates", "ItemTemplates", "{22EF8318-5FFC-4887-8168-9CA95C1D9769}"
EndProject
Project("{FAE04EC0-301F-11D3-BF4B-00C04F79EFBC}") = "LightBDD.NUnit3.FeatureTemplate", "ItemTemplates\LightBDD.NUnit3.FeatureTemplate\LightBDD.NUnit3.FeatureTemplate.csproj", "{987A36B6-417E-44C9-A8BE-CF5639CEE674}"
EndProject
Project("{FAE04EC0-301F-11D3-BF4B-00C04F79EFBC}") = "LightBDD.XUnit2.FeatureTemplate", "ItemTemplates\LightBDD.XUnit2.FeatureTemplate\LightBDD.XUnit2.FeatureTemplate.csproj", "{8B8652D8-A72D-4D29-900D-9783BB753163}"
EndProject
Project("{FAE04EC0-301F-11D3-BF4B-00C04F79EFBC}") = "LightBDD.MsTest2.FeatureTemplate", "ItemTemplates\LightBDD.MsTest2.FeatureTemplate\LightBDD.MsTest2.FeatureTemplate.csproj", "{918C60A8-D2FE-4849-8951-01F3B1A830C9}"
EndProject
Project("{FAE04EC0-301F-11D3-BF4B-00C04F79EFBC}") = "LightBDD.VSIXTemplates", "LightBDD.VSIXTemplates\LightBDD.VSIXTemplates.csproj", "{D184742A-32EB-4B71-9546-811D5757A6F7}"
EndProject
Project("{FAE04EC0-301F-11D3-BF4B-00C04F79EFBC}") = "LightBDD.Fixie2.FeatureTemplate", "ItemTemplates\LightBDD.Fixie2.FeatureTemplate\LightBDD.Fixie2.FeatureTemplate.csproj", "{8B8652D8-A72D-4D29-900D-9783BB753164}"
EndProject
Project("{2150E333-8FDC-42A3-9474-1A3956D46DE8}") = "ProjectTemplates", "ProjectTemplates", "{9A20E430-60FA-4339-9E3B-A15A178D6F4C}"
EndProject
Project("{FAE04EC0-301F-11D3-BF4B-00C04F79EFBC}") = "LightBDD.Fixie2.NetFramework.ProjectTemplate", "ProjectTemplates\LightBDD.Fixie2.NetFramework.ProjectTemplate\LightBDD.Fixie2.NetFramework.ProjectTemplate.csproj", "{3F97164C-BABB-44F7-888B-E595030F9AEE}"
EndProject
Project("{FAE04EC0-301F-11D3-BF4B-00C04F79EFBC}") = "LightBDD.Fixie2.NetCore.ProjectTemplate", "ProjectTemplates\LightBDD.Fixie2.NetCore.ProjectTemplate\LightBDD.Fixie2.NetCore.ProjectTemplate.csproj", "{07E95C84-7731-46EB-BC35-E752D4ACD42F}"
EndProject
Project("{FAE04EC0-301F-11D3-BF4B-00C04F79EFBC}") = "LightBDD.XUnit2.NetFramework.ProjectTemplate", "ProjectTemplates\LightBDD.XUnit2.NetFramework.ProjectTemplate\LightBDD.XUnit2.NetFramework.ProjectTemplate.csproj", "{63EED70E-E2EE-4DE6-A61B-5FD58A5169DF}"
EndProject
Project("{FAE04EC0-301F-11D3-BF4B-00C04F79EFBC}") = "LightBDD.NUnit3.NetFramework.ProjectTemplate", "ProjectTemplates\LightBDD.NUnit3.NetFramework.ProjectTemplate\LightBDD.NUnit3.NetFramework.ProjectTemplate.csproj", "{0A42647F-2C7D-4A83-AE83-508D0BC3BF98}"
EndProject
Project("{FAE04EC0-301F-11D3-BF4B-00C04F79EFBC}") = "LightBDD.MsTest2.NetFramework.ProjectTemplate", "ProjectTemplates\LightBDD.MsTest2.NetFramework.ProjectTemplate\LightBDD.MsTest2.NetFramework.ProjectTemplate.csproj", "{45823098-2947-412A-946B-4E14A7811563}"
EndProject
Project("{FAE04EC0-301F-11D3-BF4B-00C04F79EFBC}") = "LightBDD.XUnit2.NetCore.ProjectTemplate", "ProjectTemplates\LightBDD.XUnit2.NetCore.ProjectTemplate\LightBDD.XUnit2.NetCore.ProjectTemplate.csproj", "{1EBDCE2F-215D-4A19-ABC0-0EA09A512975}"
EndProject
Project("{FAE04EC0-301F-11D3-BF4B-00C04F79EFBC}") = "LightBDD.MsTest2.NetCore.ProjectTemplate", "ProjectTemplates\LightBDD.MsTest2.NetCore.ProjectTemplate\LightBDD.MsTest2.NetCore.ProjectTemplate.csproj", "{75DB73FE-2995-4EA6-80E0-9A079EE8BAFA}"
EndProject
Project("{FAE04EC0-301F-11D3-BF4B-00C04F79EFBC}") = "LightBDD.NUnit3.NetCore.ProjectTemplate", "ProjectTemplates\LightBDD.NUnit3.NetCore.ProjectTemplate\LightBDD.NUnit3.NetCore.ProjectTemplate.csproj", "{2AC3866E-95A0-4DC8-9596-AA663F1E6DA9}"
EndProject
Global
	GlobalSection(SolutionConfigurationPlatforms) = preSolution
		Debug|Any CPU = Debug|Any CPU
		Release|Any CPU = Release|Any CPU
	EndGlobalSection
	GlobalSection(ProjectConfigurationPlatforms) = postSolution
		{987A36B6-417E-44C9-A8BE-CF5639CEE674}.Debug|Any CPU.ActiveCfg = Debug|Any CPU
		{987A36B6-417E-44C9-A8BE-CF5639CEE674}.Debug|Any CPU.Build.0 = Debug|Any CPU
		{987A36B6-417E-44C9-A8BE-CF5639CEE674}.Release|Any CPU.ActiveCfg = Release|Any CPU
		{987A36B6-417E-44C9-A8BE-CF5639CEE674}.Release|Any CPU.Build.0 = Release|Any CPU
		{8B8652D8-A72D-4D29-900D-9783BB753163}.Debug|Any CPU.ActiveCfg = Debug|Any CPU
		{8B8652D8-A72D-4D29-900D-9783BB753163}.Debug|Any CPU.Build.0 = Debug|Any CPU
		{8B8652D8-A72D-4D29-900D-9783BB753163}.Release|Any CPU.ActiveCfg = Release|Any CPU
		{8B8652D8-A72D-4D29-900D-9783BB753163}.Release|Any CPU.Build.0 = Release|Any CPU
		{918C60A8-D2FE-4849-8951-01F3B1A830C9}.Debug|Any CPU.ActiveCfg = Debug|Any CPU
		{918C60A8-D2FE-4849-8951-01F3B1A830C9}.Debug|Any CPU.Build.0 = Debug|Any CPU
		{918C60A8-D2FE-4849-8951-01F3B1A830C9}.Release|Any CPU.ActiveCfg = Release|Any CPU
		{918C60A8-D2FE-4849-8951-01F3B1A830C9}.Release|Any CPU.Build.0 = Release|Any CPU
		{D184742A-32EB-4B71-9546-811D5757A6F7}.Debug|Any CPU.ActiveCfg = Debug|Any CPU
		{D184742A-32EB-4B71-9546-811D5757A6F7}.Debug|Any CPU.Build.0 = Debug|Any CPU
		{D184742A-32EB-4B71-9546-811D5757A6F7}.Release|Any CPU.ActiveCfg = Release|Any CPU
		{D184742A-32EB-4B71-9546-811D5757A6F7}.Release|Any CPU.Build.0 = Release|Any CPU
		{8B8652D8-A72D-4D29-900D-9783BB753164}.Debug|Any CPU.ActiveCfg = Debug|Any CPU
		{8B8652D8-A72D-4D29-900D-9783BB753164}.Debug|Any CPU.Build.0 = Debug|Any CPU
		{8B8652D8-A72D-4D29-900D-9783BB753164}.Release|Any CPU.ActiveCfg = Release|Any CPU
		{8B8652D8-A72D-4D29-900D-9783BB753164}.Release|Any CPU.Build.0 = Release|Any CPU
		{3F97164C-BABB-44F7-888B-E595030F9AEE}.Debug|Any CPU.ActiveCfg = Debug|Any CPU
		{3F97164C-BABB-44F7-888B-E595030F9AEE}.Debug|Any CPU.Build.0 = Debug|Any CPU
		{3F97164C-BABB-44F7-888B-E595030F9AEE}.Release|Any CPU.ActiveCfg = Release|Any CPU
		{3F97164C-BABB-44F7-888B-E595030F9AEE}.Release|Any CPU.Build.0 = Release|Any CPU
		{07E95C84-7731-46EB-BC35-E752D4ACD42F}.Debug|Any CPU.ActiveCfg = Debug|Any CPU
		{07E95C84-7731-46EB-BC35-E752D4ACD42F}.Debug|Any CPU.Build.0 = Debug|Any CPU
		{07E95C84-7731-46EB-BC35-E752D4ACD42F}.Release|Any CPU.ActiveCfg = Release|Any CPU
		{07E95C84-7731-46EB-BC35-E752D4ACD42F}.Release|Any CPU.Build.0 = Release|Any CPU
		{63EED70E-E2EE-4DE6-A61B-5FD58A5169DF}.Debug|Any CPU.ActiveCfg = Debug|Any CPU
		{63EED70E-E2EE-4DE6-A61B-5FD58A5169DF}.Debug|Any CPU.Build.0 = Debug|Any CPU
		{63EED70E-E2EE-4DE6-A61B-5FD58A5169DF}.Release|Any CPU.ActiveCfg = Release|Any CPU
		{63EED70E-E2EE-4DE6-A61B-5FD58A5169DF}.Release|Any CPU.Build.0 = Release|Any CPU
		{0A42647F-2C7D-4A83-AE83-508D0BC3BF98}.Debug|Any CPU.ActiveCfg = Debug|Any CPU
		{0A42647F-2C7D-4A83-AE83-508D0BC3BF98}.Debug|Any CPU.Build.0 = Debug|Any CPU
		{0A42647F-2C7D-4A83-AE83-508D0BC3BF98}.Release|Any CPU.ActiveCfg = Release|Any CPU
		{0A42647F-2C7D-4A83-AE83-508D0BC3BF98}.Release|Any CPU.Build.0 = Release|Any CPU
		{45823098-2947-412A-946B-4E14A7811563}.Debug|Any CPU.ActiveCfg = Debug|Any CPU
		{45823098-2947-412A-946B-4E14A7811563}.Debug|Any CPU.Build.0 = Debug|Any CPU
		{45823098-2947-412A-946B-4E14A7811563}.Release|Any CPU.ActiveCfg = Release|Any CPU
		{45823098-2947-412A-946B-4E14A7811563}.Release|Any CPU.Build.0 = Release|Any CPU
		{1EBDCE2F-215D-4A19-ABC0-0EA09A512975}.Debug|Any CPU.ActiveCfg = Debug|Any CPU
		{1EBDCE2F-215D-4A19-ABC0-0EA09A512975}.Debug|Any CPU.Build.0 = Debug|Any CPU
		{1EBDCE2F-215D-4A19-ABC0-0EA09A512975}.Release|Any CPU.ActiveCfg = Release|Any CPU
		{1EBDCE2F-215D-4A19-ABC0-0EA09A512975}.Release|Any CPU.Build.0 = Release|Any CPU
		{75DB73FE-2995-4EA6-80E0-9A079EE8BAFA}.Debug|Any CPU.ActiveCfg = Debug|Any CPU
		{75DB73FE-2995-4EA6-80E0-9A079EE8BAFA}.Debug|Any CPU.Build.0 = Debug|Any CPU
		{75DB73FE-2995-4EA6-80E0-9A079EE8BAFA}.Release|Any CPU.ActiveCfg = Release|Any CPU
		{75DB73FE-2995-4EA6-80E0-9A079EE8BAFA}.Release|Any CPU.Build.0 = Release|Any CPU
		{2AC3866E-95A0-4DC8-9596-AA663F1E6DA9}.Debug|Any CPU.ActiveCfg = Debug|Any CPU
		{2AC3866E-95A0-4DC8-9596-AA663F1E6DA9}.Debug|Any CPU.Build.0 = Debug|Any CPU
		{2AC3866E-95A0-4DC8-9596-AA663F1E6DA9}.Release|Any CPU.ActiveCfg = Release|Any CPU
		{2AC3866E-95A0-4DC8-9596-AA663F1E6DA9}.Release|Any CPU.Build.0 = Release|Any CPU
	EndGlobalSection
	GlobalSection(SolutionProperties) = preSolution
		HideSolutionNode = FALSE
	EndGlobalSection
	GlobalSection(NestedProjects) = preSolution
		{22EF8318-5FFC-4887-8168-9CA95C1D9769} = {B150E26B-0134-45FE-B9DC-13893C360E7C}
		{987A36B6-417E-44C9-A8BE-CF5639CEE674} = {22EF8318-5FFC-4887-8168-9CA95C1D9769}
		{8B8652D8-A72D-4D29-900D-9783BB753163} = {22EF8318-5FFC-4887-8168-9CA95C1D9769}
		{918C60A8-D2FE-4849-8951-01F3B1A830C9} = {22EF8318-5FFC-4887-8168-9CA95C1D9769}
		{8B8652D8-A72D-4D29-900D-9783BB753164} = {22EF8318-5FFC-4887-8168-9CA95C1D9769}
		{9A20E430-60FA-4339-9E3B-A15A178D6F4C} = {B150E26B-0134-45FE-B9DC-13893C360E7C}
		{3F97164C-BABB-44F7-888B-E595030F9AEE} = {9A20E430-60FA-4339-9E3B-A15A178D6F4C}
		{07E95C84-7731-46EB-BC35-E752D4ACD42F} = {9A20E430-60FA-4339-9E3B-A15A178D6F4C}
		{63EED70E-E2EE-4DE6-A61B-5FD58A5169DF} = {9A20E430-60FA-4339-9E3B-A15A178D6F4C}
		{0A42647F-2C7D-4A83-AE83-508D0BC3BF98} = {9A20E430-60FA-4339-9E3B-A15A178D6F4C}
		{45823098-2947-412A-946B-4E14A7811563} = {9A20E430-60FA-4339-9E3B-A15A178D6F4C}
		{1EBDCE2F-215D-4A19-ABC0-0EA09A512975} = {9A20E430-60FA-4339-9E3B-A15A178D6F4C}
		{75DB73FE-2995-4EA6-80E0-9A079EE8BAFA} = {9A20E430-60FA-4339-9E3B-A15A178D6F4C}
		{2AC3866E-95A0-4DC8-9596-AA663F1E6DA9} = {9A20E430-60FA-4339-9E3B-A15A178D6F4C}
	EndGlobalSection
	GlobalSection(ExtensibilityGlobals) = postSolution
		SolutionGuid = {A7ADB8BC-BB30-4563-8B87-DB26374A85C9}
	EndGlobalSection
EndGlobal
